// !$*UTF8*$!
{
	archiveVersion = 1;
	classes = {
	};
	objectVersion = 46;
	objects = {

/* Begin PBXBuildFile section */
		3172A1421C2C2C6800B99091 /* AppDelegate.swift in Sources */ = {isa = PBXBuildFile; fileRef = 3172A1411C2C2C6800B99091 /* AppDelegate.swift */; };
		3172A1441C2C2C6800B99091 /* ViewController.swift in Sources */ = {isa = PBXBuildFile; fileRef = 3172A1431C2C2C6800B99091 /* ViewController.swift */; };
		3172A1471C2C2C6800B99091 /* Main.storyboard in Resources */ = {isa = PBXBuildFile; fileRef = 3172A1451C2C2C6800B99091 /* Main.storyboard */; };
		3172A1491C2C2C6800B99091 /* Assets.xcassets in Resources */ = {isa = PBXBuildFile; fileRef = 3172A1481C2C2C6800B99091 /* Assets.xcassets */; };
		3172A14C1C2C2C6800B99091 /* LaunchScreen.storyboard in Resources */ = {isa = PBXBuildFile; fileRef = 3172A14A1C2C2C6800B99091 /* LaunchScreen.storyboard */; };
		3172A1551C2C3D8400B99091 /* IMPMain_metal.metal in Sources */ = {isa = PBXBuildFile; fileRef = 3172A1541C2C3D8400B99091 /* IMPMain_metal.metal */; };
		31897DCF1C8A185200D0AAB4 /* A25_B&W.cube in Resources */ = {isa = PBXBuildFile; fileRef = 31897DCE1C8A185200D0AAB4 /* A25_B&W.cube */; };
		BEC4B3B9EA33A889F6F386BC /* Pods_IMProcessingiOS.framework in Frameworks */ = {isa = PBXBuildFile; fileRef = D824F453B79D064F6A550C0D /* Pods_IMProcessingiOS.framework */; };
/* End PBXBuildFile section */

/* Begin PBXFileReference section */
		312B7D1BAE2DD7DD3736E2EE /* Pods.framework */ = {isa = PBXFileReference; explicitFileType = wrapper.framework; includeInIndex = 0; path = Pods.framework; sourceTree = BUILT_PRODUCTS_DIR; };
		3172A13E1C2C2C6800B99091 /* IMProcessingiOS.app */ = {isa = PBXFileReference; explicitFileType = wrapper.application; includeInIndex = 0; path = IMProcessingiOS.app; sourceTree = BUILT_PRODUCTS_DIR; };
		3172A1411C2C2C6800B99091 /* AppDelegate.swift */ = {isa = PBXFileReference; lastKnownFileType = sourcecode.swift; path = AppDelegate.swift; sourceTree = "<group>"; };
		3172A1431C2C2C6800B99091 /* ViewController.swift */ = {isa = PBXFileReference; lastKnownFileType = sourcecode.swift; path = ViewController.swift; sourceTree = "<group>"; };
		3172A1461C2C2C6800B99091 /* Base */ = {isa = PBXFileReference; lastKnownFileType = file.storyboard; name = Base; path = Base.lproj/Main.storyboard; sourceTree = "<group>"; };
		3172A1481C2C2C6800B99091 /* Assets.xcassets */ = {isa = PBXFileReference; lastKnownFileType = folder.assetcatalog; path = Assets.xcassets; sourceTree = "<group>"; };
		3172A14B1C2C2C6800B99091 /* Base */ = {isa = PBXFileReference; lastKnownFileType = file.storyboard; name = Base; path = Base.lproj/LaunchScreen.storyboard; sourceTree = "<group>"; };
		3172A14D1C2C2C6800B99091 /* Info.plist */ = {isa = PBXFileReference; lastKnownFileType = text.plist.xml; path = Info.plist; sourceTree = "<group>"; };
		3172A1541C2C3D8400B99091 /* IMPMain_metal.metal */ = {isa = PBXFileReference; fileEncoding = 4; lastKnownFileType = sourcecode.metal; path = IMPMain_metal.metal; sourceTree = "<group>"; };
		31897DCE1C8A185200D0AAB4 /* A25_B&W.cube */ = {isa = PBXFileReference; fileEncoding = 4; lastKnownFileType = text; name = "A25_B&W.cube"; path = "Luts/A25_B&W.cube"; sourceTree = "<group>"; };
		40DDD7E137730D27446898BF /* Pods-IMProcessingiOS.release.xcconfig */ = {isa = PBXFileReference; includeInIndex = 1; lastKnownFileType = text.xcconfig; name = "Pods-IMProcessingiOS.release.xcconfig"; path = "Pods/Target Support Files/Pods-IMProcessingiOS/Pods-IMProcessingiOS.release.xcconfig"; sourceTree = "<group>"; };
		72EA07057D45044C61BED3CE /* Pods-IMProcessingiOS.debug.xcconfig */ = {isa = PBXFileReference; includeInIndex = 1; lastKnownFileType = text.xcconfig; name = "Pods-IMProcessingiOS.debug.xcconfig"; path = "Pods/Target Support Files/Pods-IMProcessingiOS/Pods-IMProcessingiOS.debug.xcconfig"; sourceTree = "<group>"; };
		D824F453B79D064F6A550C0D /* Pods_IMProcessingiOS.framework */ = {isa = PBXFileReference; explicitFileType = wrapper.framework; includeInIndex = 0; path = Pods_IMProcessingiOS.framework; sourceTree = BUILT_PRODUCTS_DIR; };
/* End PBXFileReference section */

/* Begin PBXFrameworksBuildPhase section */
		3172A13B1C2C2C6800B99091 /* Frameworks */ = {
			isa = PBXFrameworksBuildPhase;
			buildActionMask = 2147483647;
			files = (
				BEC4B3B9EA33A889F6F386BC /* Pods_IMProcessingiOS.framework in Frameworks */,
			);
			runOnlyForDeploymentPostprocessing = 0;
		};
/* End PBXFrameworksBuildPhase section */

/* Begin PBXGroup section */
		3172A1351C2C2C6800B99091 = {
			isa = PBXGroup;
			children = (
				3172A1401C2C2C6800B99091 /* IMProcessingiOS */,
				3172A13F1C2C2C6800B99091 /* Products */,
				A953D0B2A77E4F6E5889777C /* Frameworks */,
				58BD9C45B60C6D6EDC2124BC /* Pods */,
			);
			sourceTree = "<group>";
		};
		3172A13F1C2C2C6800B99091 /* Products */ = {
			isa = PBXGroup;
			children = (
				3172A13E1C2C2C6800B99091 /* IMProcessingiOS.app */,
			);
			name = Products;
			sourceTree = "<group>";
		};
		3172A1401C2C2C6800B99091 /* IMProcessingiOS */ = {
			isa = PBXGroup;
			children = (
				31897DCD1C8A183400D0AAB4 /* Luts */,
				3172A1531C2C3D8400B99091 /* Shaders */,
				3172A1411C2C2C6800B99091 /* AppDelegate.swift */,
				3172A1431C2C2C6800B99091 /* ViewController.swift */,
				3172A1451C2C2C6800B99091 /* Main.storyboard */,
				3172A1481C2C2C6800B99091 /* Assets.xcassets */,
				3172A14A1C2C2C6800B99091 /* LaunchScreen.storyboard */,
				3172A14D1C2C2C6800B99091 /* Info.plist */,
			);
			path = IMProcessingiOS;
			sourceTree = "<group>";
		};
		3172A1531C2C3D8400B99091 /* Shaders */ = {
			isa = PBXGroup;
			children = (
				3172A1541C2C3D8400B99091 /* IMPMain_metal.metal */,
			);
			path = Shaders;
			sourceTree = "<group>";
		};
		31897DCD1C8A183400D0AAB4 /* Luts */ = {
			isa = PBXGroup;
			children = (
				31897DCE1C8A185200D0AAB4 /* A25_B&W.cube */,
			);
			name = Luts;
			sourceTree = "<group>";
		};
		58BD9C45B60C6D6EDC2124BC /* Pods */ = {
			isa = PBXGroup;
			children = (
				72EA07057D45044C61BED3CE /* Pods-IMProcessingiOS.debug.xcconfig */,
				40DDD7E137730D27446898BF /* Pods-IMProcessingiOS.release.xcconfig */,
			);
			name = Pods;
			sourceTree = "<group>";
		};
		A953D0B2A77E4F6E5889777C /* Frameworks */ = {
			isa = PBXGroup;
			children = (
				312B7D1BAE2DD7DD3736E2EE /* Pods.framework */,
				D824F453B79D064F6A550C0D /* Pods_IMProcessingiOS.framework */,
			);
			name = Frameworks;
			sourceTree = "<group>";
		};
/* End PBXGroup section */

/* Begin PBXNativeTarget section */
		3172A13D1C2C2C6800B99091 /* IMProcessingiOS */ = {
			isa = PBXNativeTarget;
			buildConfigurationList = 3172A1501C2C2C6800B99091 /* Build configuration list for PBXNativeTarget "IMProcessingiOS" */;
			buildPhases = (
				74C33021A8C0651B97A0EC2F /* 📦 Check Pods Manifest.lock */,
				3172A13A1C2C2C6800B99091 /* Sources */,
				3172A13B1C2C2C6800B99091 /* Frameworks */,
				3172A13C1C2C2C6800B99091 /* Resources */,
				6BD4CF4BE94E8A355E5CED0C /* 📦 Embed Pods Frameworks */,
				ABC8A2BF0DDD2E0ADCC1B4F4 /* 📦 Copy Pods Resources */,
			);
			buildRules = (
			);
			dependencies = (
			);
			name = IMProcessingiOS;
			productName = IMProcessingiOS;
			productReference = 3172A13E1C2C2C6800B99091 /* IMProcessingiOS.app */;
			productType = "com.apple.product-type.application";
		};
/* End PBXNativeTarget section */

/* Begin PBXProject section */
		3172A1361C2C2C6800B99091 /* Project object */ = {
			isa = PBXProject;
			attributes = {
				LastSwiftUpdateCheck = 0720;
				LastUpgradeCheck = 0720;
				ORGANIZATIONNAME = ImageMetalling;
				TargetAttributes = {
					3172A13D1C2C2C6800B99091 = {
						CreatedOnToolsVersion = 7.2;
					};
				};
			};
			buildConfigurationList = 3172A1391C2C2C6800B99091 /* Build configuration list for PBXProject "IMProcessingiOS" */;
			compatibilityVersion = "Xcode 3.2";
			developmentRegion = English;
			hasScannedForEncodings = 0;
			knownRegions = (
				en,
				Base,
			);
			mainGroup = 3172A1351C2C2C6800B99091;
			productRefGroup = 3172A13F1C2C2C6800B99091 /* Products */;
			projectDirPath = "";
			projectRoot = "";
			targets = (
				3172A13D1C2C2C6800B99091 /* IMProcessingiOS */,
			);
		};
/* End PBXProject section */

/* Begin PBXResourcesBuildPhase section */
		3172A13C1C2C2C6800B99091 /* Resources */ = {
			isa = PBXResourcesBuildPhase;
			buildActionMask = 2147483647;
			files = (
				3172A14C1C2C2C6800B99091 /* LaunchScreen.storyboard in Resources */,
				3172A1491C2C2C6800B99091 /* Assets.xcassets in Resources */,
				3172A1471C2C2C6800B99091 /* Main.storyboard in Resources */,
				31897DCF1C8A185200D0AAB4 /* A25_B&W.cube in Resources */,
			);
			runOnlyForDeploymentPostprocessing = 0;
		};
/* End PBXResourcesBuildPhase section */

/* Begin PBXShellScriptBuildPhase section */
		6BD4CF4BE94E8A355E5CED0C /* 📦 Embed Pods Frameworks */ = {
			isa = PBXShellScriptBuildPhase;
			buildActionMask = 2147483647;
			files = (
			);
			inputPaths = (
			);
			name = "📦 Embed Pods Frameworks";
			outputPaths = (
			);
			runOnlyForDeploymentPostprocessing = 0;
			shellPath = /bin/sh;
			shellScript = "\"${SRCROOT}/Pods/Target Support Files/Pods-IMProcessingiOS/Pods-IMProcessingiOS-frameworks.sh\"\n";
			showEnvVarsInLog = 0;
		};
		74C33021A8C0651B97A0EC2F /* 📦 Check Pods Manifest.lock */ = {
			isa = PBXShellScriptBuildPhase;
			buildActionMask = 2147483647;
			files = (
			);
			inputPaths = (
			);
			name = "📦 Check Pods Manifest.lock";
			outputPaths = (
			);
			runOnlyForDeploymentPostprocessing = 0;
			shellPath = /bin/sh;
			shellScript = "diff \"${PODS_ROOT}/../Podfile.lock\" \"${PODS_ROOT}/Manifest.lock\" > /dev/null\nif [[ $? != 0 ]] ; then\n    cat << EOM\nerror: The sandbox is not in sync with the Podfile.lock. Run 'pod install' or update your CocoaPods installation.\nEOM\n    exit 1\nfi\n";
			showEnvVarsInLog = 0;
		};
		ABC8A2BF0DDD2E0ADCC1B4F4 /* 📦 Copy Pods Resources */ = {
			isa = PBXShellScriptBuildPhase;
			buildActionMask = 2147483647;
			files = (
			);
			inputPaths = (
			);
			name = "📦 Copy Pods Resources";
			outputPaths = (
			);
			runOnlyForDeploymentPostprocessing = 0;
			shellPath = /bin/sh;
			shellScript = "\"${SRCROOT}/Pods/Target Support Files/Pods-IMProcessingiOS/Pods-IMProcessingiOS-resources.sh\"\n";
			showEnvVarsInLog = 0;
		};
/* End PBXShellScriptBuildPhase section */

/* Begin PBXSourcesBuildPhase section */
		3172A13A1C2C2C6800B99091 /* Sources */ = {
			isa = PBXSourcesBuildPhase;
			buildActionMask = 2147483647;
			files = (
				3172A1441C2C2C6800B99091 /* ViewController.swift in Sources */,
				3172A1551C2C3D8400B99091 /* IMPMain_metal.metal in Sources */,
				3172A1421C2C2C6800B99091 /* AppDelegate.swift in Sources */,
			);
			runOnlyForDeploymentPostprocessing = 0;
		};
/* End PBXSourcesBuildPhase section */

/* Begin PBXVariantGroup section */
		3172A1451C2C2C6800B99091 /* Main.storyboard */ = {
			isa = PBXVariantGroup;
			children = (
				3172A1461C2C2C6800B99091 /* Base */,
			);
			name = Main.storyboard;
			sourceTree = "<group>";
		};
		3172A14A1C2C2C6800B99091 /* LaunchScreen.storyboard */ = {
			isa = PBXVariantGroup;
			children = (
				3172A14B1C2C2C6800B99091 /* Base */,
			);
			name = LaunchScreen.storyboard;
			sourceTree = "<group>";
		};
/* End PBXVariantGroup section */

/* Begin XCBuildConfiguration section */
		3172A14E1C2C2C6800B99091 /* Debug */ = {
			isa = XCBuildConfiguration;
			buildSettings = {
				ALWAYS_SEARCH_USER_PATHS = NO;
				CLANG_ALLOW_NON_MODULAR_INCLUDES_IN_FRAMEWORK_MODULES = YES;
				CLANG_CXX_LANGUAGE_STANDARD = "gnu++0x";
				CLANG_CXX_LIBRARY = "libc++";
				CLANG_ENABLE_MODULES = YES;
				CLANG_ENABLE_OBJC_ARC = YES;
				CLANG_WARN_BOOL_CONVERSION = YES;
				CLANG_WARN_CONSTANT_CONVERSION = YES;
				CLANG_WARN_DIRECT_OBJC_ISA_USAGE = YES_ERROR;
				CLANG_WARN_EMPTY_BODY = YES;
				CLANG_WARN_ENUM_CONVERSION = YES;
				CLANG_WARN_INT_CONVERSION = YES;
				CLANG_WARN_OBJC_ROOT_CLASS = YES_ERROR;
				CLANG_WARN_UNREACHABLE_CODE = YES;
				CLANG_WARN__DUPLICATE_METHOD_MATCH = YES;
				"CODE_SIGN_IDENTITY[sdk=iphoneos*]" = "iPhone Developer";
				COPY_PHASE_STRIP = NO;
				DEBUG_INFORMATION_FORMAT = dwarf;
				ENABLE_BITCODE = NO;
				ENABLE_STRICT_OBJC_MSGSEND = YES;
				ENABLE_TESTABILITY = YES;
				GCC_C_LANGUAGE_STANDARD = gnu99;
				GCC_DYNAMIC_NO_PIC = NO;
				GCC_NO_COMMON_BLOCKS = YES;
				GCC_OPTIMIZATION_LEVEL = 0;
				GCC_PREPROCESSOR_DEFINITIONS = (
					"DEBUG=1",
					"$(inherited)",
				);
				GCC_WARN_64_TO_32_BIT_CONVERSION = YES;
				GCC_WARN_ABOUT_RETURN_TYPE = YES_ERROR;
				GCC_WARN_CHECK_SWITCH_STATEMENTS = NO;
				GCC_WARN_UNDECLARED_SELECTOR = YES;
				GCC_WARN_UNINITIALIZED_AUTOS = YES_AGGRESSIVE;
				GCC_WARN_UNUSED_FUNCTION = YES;
				GCC_WARN_UNUSED_VARIABLE = YES;
				IPHONEOS_DEPLOYMENT_TARGET = 9.2;
				MTL_ENABLE_DEBUG_INFO = YES;
				MTL_FAST_MATH = YES;
				MTL_HEADER_SEARCH_PATHS = "$(inherited)";
				MTL_OPTIMIZATION_LEVEL = 3;
				ONLY_ACTIVE_ARCH = YES;
				SDKROOT = iphoneos;
				SWIFT_DISABLE_SAFETY_CHECKS = YES;
				SWIFT_OPTIMIZATION_LEVEL = "-Onone";
				TARGETED_DEVICE_FAMILY = "1,2";
			};
			name = Debug;
		};
		3172A14F1C2C2C6800B99091 /* Release */ = {
			isa = XCBuildConfiguration;
			buildSettings = {
				ALWAYS_SEARCH_USER_PATHS = NO;
				CLANG_ALLOW_NON_MODULAR_INCLUDES_IN_FRAMEWORK_MODULES = YES;
				CLANG_CXX_LANGUAGE_STANDARD = "gnu++0x";
				CLANG_CXX_LIBRARY = "libc++";
				CLANG_ENABLE_MODULES = YES;
				CLANG_ENABLE_OBJC_ARC = YES;
				CLANG_WARN_BOOL_CONVERSION = YES;
				CLANG_WARN_CONSTANT_CONVERSION = YES;
				CLANG_WARN_DIRECT_OBJC_ISA_USAGE = YES_ERROR;
				CLANG_WARN_EMPTY_BODY = YES;
				CLANG_WARN_ENUM_CONVERSION = YES;
				CLANG_WARN_INT_CONVERSION = YES;
				CLANG_WARN_OBJC_ROOT_CLASS = YES_ERROR;
				CLANG_WARN_UNREACHABLE_CODE = YES;
				CLANG_WARN__DUPLICATE_METHOD_MATCH = YES;
				"CODE_SIGN_IDENTITY[sdk=iphoneos*]" = "iPhone Developer";
				COPY_PHASE_STRIP = NO;
				DEBUG_INFORMATION_FORMAT = "dwarf-with-dsym";
				ENABLE_BITCODE = NO;
				ENABLE_NS_ASSERTIONS = NO;
				ENABLE_STRICT_OBJC_MSGSEND = YES;
				GCC_C_LANGUAGE_STANDARD = gnu99;
				GCC_NO_COMMON_BLOCKS = YES;
				GCC_WARN_64_TO_32_BIT_CONVERSION = YES;
				GCC_WARN_ABOUT_RETURN_TYPE = YES_ERROR;
				GCC_WARN_CHECK_SWITCH_STATEMENTS = NO;
				GCC_WARN_UNDECLARED_SELECTOR = YES;
				GCC_WARN_UNINITIALIZED_AUTOS = YES_AGGRESSIVE;
				GCC_WARN_UNUSED_FUNCTION = YES;
				GCC_WARN_UNUSED_VARIABLE = YES;
				IPHONEOS_DEPLOYMENT_TARGET = 9.2;
				MTL_ENABLE_DEBUG_INFO = NO;
				MTL_FAST_MATH = YES;
				MTL_HEADER_SEARCH_PATHS = "$(inherited)";
				MTL_OPTIMIZATION_LEVEL = 3;
				SDKROOT = iphoneos;
				SWIFT_DISABLE_SAFETY_CHECKS = YES;
				TARGETED_DEVICE_FAMILY = "1,2";
				VALIDATE_PRODUCT = YES;
			};
			name = Release;
		};
		3172A1511C2C2C6800B99091 /* Debug */ = {
			isa = XCBuildConfiguration;
			baseConfigurationReference = 72EA07057D45044C61BED3CE /* Pods-IMProcessingiOS.debug.xcconfig */;
			buildSettings = {
				ASSETCATALOG_COMPILER_APPICON_NAME = AppIcon;
				CLANG_ALLOW_NON_MODULAR_INCLUDES_IN_FRAMEWORK_MODULES = YES;
				CODE_SIGN_IDENTITY = "iPhone Developer";
				GCC_WARN_CHECK_SWITCH_STATEMENTS = NO;
				INFOPLIST_FILE = IMProcessingiOS/Info.plist;
				LD_RUNPATH_SEARCH_PATHS = "$(inherited) @executable_path/Frameworks";
				MTL_FAST_MATH = YES;
				MTL_OPTIMIZATION_LEVEL = 3;
				PRODUCT_BUNDLE_IDENTIFIER = "image-metalling.IMProcessingiOS";
				PRODUCT_NAME = "$(TARGET_NAME)";
				SWIFT_DISABLE_SAFETY_CHECKS = YES;
				TARGETED_DEVICE_FAMILY = 1;
			};
			name = Debug;
		};
		3172A1521C2C2C6800B99091 /* Release */ = {
			isa = XCBuildConfiguration;
			baseConfigurationReference = 40DDD7E137730D27446898BF /* Pods-IMProcessingiOS.release.xcconfig */;
			buildSettings = {
				ASSETCATALOG_COMPILER_APPICON_NAME = AppIcon;
				CLANG_ALLOW_NON_MODULAR_INCLUDES_IN_FRAMEWORK_MODULES = YES;
				CODE_SIGN_IDENTITY = "iPhone Developer";
				GCC_WARN_CHECK_SWITCH_STATEMENTS = NO;
				INFOPLIST_FILE = IMProcessingiOS/Info.plist;
				LD_RUNPATH_SEARCH_PATHS = "$(inherited) @executable_path/Frameworks";
				MTL_FAST_MATH = YES;
				MTL_OPTIMIZATION_LEVEL = 3;
				PRODUCT_BUNDLE_IDENTIFIER = "image-metalling.IMProcessingiOS";
				PRODUCT_NAME = "$(TARGET_NAME)";
				SWIFT_DISABLE_SAFETY_CHECKS = YES;
				TARGETED_DEVICE_FAMILY = 1;
			};
			name = Release;
		};
/* End XCBuildConfiguration section */

/* Begin XCConfigurationList section */
		3172A1391C2C2C6800B99091 /* Build configuration list for PBXProject "IMProcessingiOS" */ = {
			isa = XCConfigurationList;
			buildConfigurations = (
				3172A14E1C2C2C6800B99091 /* Debug */,
				3172A14F1C2C2C6800B99091 /* Release */,
			);
			defaultConfigurationIsVisible = 0;
			defaultConfigurationName = Release;
		};
		3172A1501C2C2C6800B99091 /* Build configuration list for PBXNativeTarget "IMProcessingiOS" */ = {
			isa = XCConfigurationList;
			buildConfigurations = (
				3172A1511C2C2C6800B99091 /* Debug */,
				3172A1521C2C2C6800B99091 /* Release */,
			);
			defaultConfigurationIsVisible = 0;
			defaultConfigurationName = Release;
		};
/* End XCConfigurationList section */
	};
	rootObject = 3172A1361C2C2C6800B99091 /* Project object */;
}
