// !$*UTF8*$!
{
	archiveVersion = 1;
	classes = {
	};
	objectVersion = 46;
	objects = {

/* Begin PBXBuildFile section */
		25E4F99261E3D76D2FD501F8 /* Pods.framework in Frameworks */ = {isa = PBXBuildFile; fileRef = 5FC3E098C240503EBD06B978 /* Pods.framework */; };
		31058D8F1CC639AC0066ED64 /* AppDelegate.swift in Sources */ = {isa = PBXBuildFile; fileRef = 31058D8E1CC639AC0066ED64 /* AppDelegate.swift */; };
		31058D911CC639AC0066ED64 /* ViewController.swift in Sources */ = {isa = PBXBuildFile; fileRef = 31058D901CC639AC0066ED64 /* ViewController.swift */; };
		31058D931CC639AC0066ED64 /* Assets.xcassets in Resources */ = {isa = PBXBuildFile; fileRef = 31058D921CC639AC0066ED64 /* Assets.xcassets */; };
		31058D961CC639AC0066ED64 /* Main.storyboard in Resources */ = {isa = PBXBuildFile; fileRef = 31058D941CC639AC0066ED64 /* Main.storyboard */; };
		31058D9F1CC63BFF0066ED64 /* IMPMain_metal.metal in Sources */ = {isa = PBXBuildFile; fileRef = 31058D9E1CC63BFF0066ED64 /* IMPMain_metal.metal */; };
		31058DA21CC63C1F0066ED64 /* IMPDocument.swift in Sources */ = {isa = PBXBuildFile; fileRef = 31058DA01CC63C1F0066ED64 /* IMPDocument.swift */; };
		31058DA31CC63C1F0066ED64 /* IMPMenuHandler.swift in Sources */ = {isa = PBXBuildFile; fileRef = 31058DA11CC63C1F0066ED64 /* IMPMenuHandler.swift */; };
		31E1025D1CD23505005924AF /* IMPMatrix.swift in Sources */ = {isa = PBXBuildFile; fileRef = 31E1025C1CD23505005924AF /* IMPMatrix.swift */; };
		31E1025F1CD23576005924AF /* IMPMatrixOperations.swift in Sources */ = {isa = PBXBuildFile; fileRef = 31E1025E1CD23576005924AF /* IMPMatrixOperations.swift */; };
/* End PBXBuildFile section */

/* Begin PBXFileReference section */
		086264B8E60D4CD6B75435A0 /* Pods.debug.xcconfig */ = {isa = PBXFileReference; includeInIndex = 1; lastKnownFileType = text.xcconfig; name = Pods.debug.xcconfig; path = "Pods/Target Support Files/Pods/Pods.debug.xcconfig"; sourceTree = "<group>"; };
		31058D8B1CC639AC0066ED64 /* IMPGeometryTest.app */ = {isa = PBXFileReference; explicitFileType = wrapper.application; includeInIndex = 0; path = IMPGeometryTest.app; sourceTree = BUILT_PRODUCTS_DIR; };
		31058D8E1CC639AC0066ED64 /* AppDelegate.swift */ = {isa = PBXFileReference; lastKnownFileType = sourcecode.swift; path = AppDelegate.swift; sourceTree = "<group>"; };
		31058D901CC639AC0066ED64 /* ViewController.swift */ = {isa = PBXFileReference; lastKnownFileType = sourcecode.swift; path = ViewController.swift; sourceTree = "<group>"; };
		31058D921CC639AC0066ED64 /* Assets.xcassets */ = {isa = PBXFileReference; lastKnownFileType = folder.assetcatalog; path = Assets.xcassets; sourceTree = "<group>"; };
		31058D951CC639AC0066ED64 /* Base */ = {isa = PBXFileReference; lastKnownFileType = file.storyboard; name = Base; path = Base.lproj/Main.storyboard; sourceTree = "<group>"; };
		31058D971CC639AC0066ED64 /* Info.plist */ = {isa = PBXFileReference; lastKnownFileType = text.plist.xml; path = Info.plist; sourceTree = "<group>"; };
		31058D9E1CC63BFF0066ED64 /* IMPMain_metal.metal */ = {isa = PBXFileReference; fileEncoding = 4; lastKnownFileType = sourcecode.metal; path = IMPMain_metal.metal; sourceTree = "<group>"; };
		31058DA01CC63C1F0066ED64 /* IMPDocument.swift */ = {isa = PBXFileReference; fileEncoding = 4; lastKnownFileType = sourcecode.swift; path = IMPDocument.swift; sourceTree = "<group>"; };
		31058DA11CC63C1F0066ED64 /* IMPMenuHandler.swift */ = {isa = PBXFileReference; fileEncoding = 4; lastKnownFileType = sourcecode.swift; path = IMPMenuHandler.swift; sourceTree = "<group>"; };
		313386D71CCF5EE20065E9A1 /* IMPGeometryTest-Bridging-Header.h */ = {isa = PBXFileReference; lastKnownFileType = sourcecode.c.h; path = "IMPGeometryTest-Bridging-Header.h"; sourceTree = "<group>"; };
		31E1025C1CD23505005924AF /* IMPMatrix.swift */ = {isa = PBXFileReference; fileEncoding = 4; lastKnownFileType = sourcecode.swift; name = IMPMatrix.swift; path = Classes/IMPMatrix.swift; sourceTree = "<group>"; };
		31E1025E1CD23576005924AF /* IMPMatrixOperations.swift */ = {isa = PBXFileReference; fileEncoding = 4; lastKnownFileType = sourcecode.swift; name = IMPMatrixOperations.swift; path = Classes/IMPMatrixOperations.swift; sourceTree = "<group>"; };
		5FC3E098C240503EBD06B978 /* Pods.framework */ = {isa = PBXFileReference; explicitFileType = wrapper.framework; includeInIndex = 0; path = Pods.framework; sourceTree = BUILT_PRODUCTS_DIR; };
		CFECCDF5E6C810C6C86755D8 /* Pods.release.xcconfig */ = {isa = PBXFileReference; includeInIndex = 1; lastKnownFileType = text.xcconfig; name = Pods.release.xcconfig; path = "Pods/Target Support Files/Pods/Pods.release.xcconfig"; sourceTree = "<group>"; };
/* End PBXFileReference section */

/* Begin PBXFrameworksBuildPhase section */
		31058D881CC639AC0066ED64 /* Frameworks */ = {
			isa = PBXFrameworksBuildPhase;
			buildActionMask = 2147483647;
			files = (
				25E4F99261E3D76D2FD501F8 /* Pods.framework in Frameworks */,
			);
			runOnlyForDeploymentPostprocessing = 0;
		};
/* End PBXFrameworksBuildPhase section */

/* Begin PBXGroup section */
		31058D821CC639AC0066ED64 = {
			isa = PBXGroup;
			children = (
				31058D8D1CC639AC0066ED64 /* IMPGeometryTest */,
				31058D8C1CC639AC0066ED64 /* Products */,
				5A0286CE266A18E2C4AD44BA /* Pods */,
				E0F27FC5E7087775A0893185 /* Frameworks */,
			);
			sourceTree = "<group>";
		};
		31058D8C1CC639AC0066ED64 /* Products */ = {
			isa = PBXGroup;
			children = (
				31058D8B1CC639AC0066ED64 /* IMPGeometryTest.app */,
			);
			name = Products;
			sourceTree = "<group>";
		};
		31058D8D1CC639AC0066ED64 /* IMPGeometryTest */ = {
			isa = PBXGroup;
			children = (
				31058DA41CC7C02F0066ED64 /* Classes */,
				31058D9D1CC63BFF0066ED64 /* Shaders */,
				31058D8E1CC639AC0066ED64 /* AppDelegate.swift */,
				31058D901CC639AC0066ED64 /* ViewController.swift */,
				31058DA01CC63C1F0066ED64 /* IMPDocument.swift */,
				31058DA11CC63C1F0066ED64 /* IMPMenuHandler.swift */,
				31058D921CC639AC0066ED64 /* Assets.xcassets */,
				31058D941CC639AC0066ED64 /* Main.storyboard */,
				31058D971CC639AC0066ED64 /* Info.plist */,
			);
			path = IMPGeometryTest;
			sourceTree = "<group>";
		};
		31058D9D1CC63BFF0066ED64 /* Shaders */ = {
			isa = PBXGroup;
			children = (
				31058D9E1CC63BFF0066ED64 /* IMPMain_metal.metal */,
			);
			path = Shaders;
			sourceTree = "<group>";
		};
		31058DA41CC7C02F0066ED64 /* Classes */ = {
			isa = PBXGroup;
			children = (
				31E1025C1CD23505005924AF /* IMPMatrix.swift */,
				31E1025E1CD23576005924AF /* IMPMatrixOperations.swift */,
				313386D71CCF5EE20065E9A1 /* IMPGeometryTest-Bridging-Header.h */,
			);
			name = Classes;
			sourceTree = "<group>";
		};
		5A0286CE266A18E2C4AD44BA /* Pods */ = {
			isa = PBXGroup;
			children = (
				086264B8E60D4CD6B75435A0 /* Pods.debug.xcconfig */,
				CFECCDF5E6C810C6C86755D8 /* Pods.release.xcconfig */,
			);
			name = Pods;
			sourceTree = "<group>";
		};
		E0F27FC5E7087775A0893185 /* Frameworks */ = {
			isa = PBXGroup;
			children = (
				5FC3E098C240503EBD06B978 /* Pods.framework */,
			);
			name = Frameworks;
			sourceTree = "<group>";
		};
/* End PBXGroup section */

/* Begin PBXNativeTarget section */
		31058D8A1CC639AC0066ED64 /* IMPGeometryTest */ = {
			isa = PBXNativeTarget;
			buildConfigurationList = 31058D9A1CC639AC0066ED64 /* Build configuration list for PBXNativeTarget "IMPGeometryTest" */;
			buildPhases = (
				83DC7299555E41E766CF8C35 /* Check Pods Manifest.lock */,
				31058D871CC639AC0066ED64 /* Sources */,
				31058D881CC639AC0066ED64 /* Frameworks */,
				31058D891CC639AC0066ED64 /* Resources */,
				32ECE7C2DD3C048355267F3C /* Embed Pods Frameworks */,
				07FF05D21256164823926A82 /* Copy Pods Resources */,
			);
			buildRules = (
			);
			dependencies = (
			);
			name = IMPGeometryTest;
			productName = IMPGeometryTest;
			productReference = 31058D8B1CC639AC0066ED64 /* IMPGeometryTest.app */;
			productType = "com.apple.product-type.application";
		};
/* End PBXNativeTarget section */

/* Begin PBXProject section */
		31058D831CC639AC0066ED64 /* Project object */ = {
			isa = PBXProject;
			attributes = {
				LastSwiftUpdateCheck = 0730;
				LastUpgradeCheck = 0730;
				ORGANIZATIONNAME = ImageMetalling;
				TargetAttributes = {
					31058D8A1CC639AC0066ED64 = {
						CreatedOnToolsVersion = 7.3;
					};
				};
			};
			buildConfigurationList = 31058D861CC639AC0066ED64 /* Build configuration list for PBXProject "IMPGeometryTest" */;
			compatibilityVersion = "Xcode 3.2";
			developmentRegion = English;
			hasScannedForEncodings = 0;
			knownRegions = (
				en,
				Base,
			);
			mainGroup = 31058D821CC639AC0066ED64;
			productRefGroup = 31058D8C1CC639AC0066ED64 /* Products */;
			projectDirPath = "";
			projectRoot = "";
			targets = (
				31058D8A1CC639AC0066ED64 /* IMPGeometryTest */,
			);
		};
/* End PBXProject section */

/* Begin PBXResourcesBuildPhase section */
		31058D891CC639AC0066ED64 /* Resources */ = {
			isa = PBXResourcesBuildPhase;
			buildActionMask = 2147483647;
			files = (
				31058D931CC639AC0066ED64 /* Assets.xcassets in Resources */,
				31058D961CC639AC0066ED64 /* Main.storyboard in Resources */,
			);
			runOnlyForDeploymentPostprocessing = 0;
		};
/* End PBXResourcesBuildPhase section */

/* Begin PBXShellScriptBuildPhase section */
		07FF05D21256164823926A82 /* Copy Pods Resources */ = {
			isa = PBXShellScriptBuildPhase;
			buildActionMask = 2147483647;
			files = (
			);
			inputPaths = (
			);
			name = "Copy Pods Resources";
			outputPaths = (
			);
			runOnlyForDeploymentPostprocessing = 0;
			shellPath = /bin/sh;
			shellScript = "\"${SRCROOT}/Pods/Target Support Files/Pods/Pods-resources.sh\"\n";
			showEnvVarsInLog = 0;
		};
		32ECE7C2DD3C048355267F3C /* Embed Pods Frameworks */ = {
			isa = PBXShellScriptBuildPhase;
			buildActionMask = 2147483647;
			files = (
			);
			inputPaths = (
			);
			name = "Embed Pods Frameworks";
			outputPaths = (
			);
			runOnlyForDeploymentPostprocessing = 0;
			shellPath = /bin/sh;
			shellScript = "\"${SRCROOT}/Pods/Target Support Files/Pods/Pods-frameworks.sh\"\n";
			showEnvVarsInLog = 0;
		};
		83DC7299555E41E766CF8C35 /* Check Pods Manifest.lock */ = {
			isa = PBXShellScriptBuildPhase;
			buildActionMask = 2147483647;
			files = (
			);
			inputPaths = (
			);
			name = "Check Pods Manifest.lock";
			outputPaths = (
			);
			runOnlyForDeploymentPostprocessing = 0;
			shellPath = /bin/sh;
			shellScript = "diff \"${PODS_ROOT}/../Podfile.lock\" \"${PODS_ROOT}/Manifest.lock\" > /dev/null\nif [[ $? != 0 ]] ; then\n    cat << EOM\nerror: The sandbox is not in sync with the Podfile.lock. Run 'pod install' or update your CocoaPods installation.\nEOM\n    exit 1\nfi\n";
			showEnvVarsInLog = 0;
		};
/* End PBXShellScriptBuildPhase section */

/* Begin PBXSourcesBuildPhase section */
		31058D871CC639AC0066ED64 /* Sources */ = {
			isa = PBXSourcesBuildPhase;
			buildActionMask = 2147483647;
			files = (
				31058DA31CC63C1F0066ED64 /* IMPMenuHandler.swift in Sources */,
				31058D911CC639AC0066ED64 /* ViewController.swift in Sources */,
				31058DA21CC63C1F0066ED64 /* IMPDocument.swift in Sources */,
				31E1025D1CD23505005924AF /* IMPMatrix.swift in Sources */,
				31058D9F1CC63BFF0066ED64 /* IMPMain_metal.metal in Sources */,
				31058D8F1CC639AC0066ED64 /* AppDelegate.swift in Sources */,
				31E1025F1CD23576005924AF /* IMPMatrixOperations.swift in Sources */,
			);
			runOnlyForDeploymentPostprocessing = 0;
		};
/* End PBXSourcesBuildPhase section */

/* Begin PBXVariantGroup section */
		31058D941CC639AC0066ED64 /* Main.storyboard */ = {
			isa = PBXVariantGroup;
			children = (
				31058D951CC639AC0066ED64 /* Base */,
			);
			name = Main.storyboard;
			sourceTree = "<group>";
		};
/* End PBXVariantGroup section */

/* Begin XCBuildConfiguration section */
		31058D981CC639AC0066ED64 /* Debug */ = {
			isa = XCBuildConfiguration;
			buildSettings = {
				ALWAYS_SEARCH_USER_PATHS = NO;
				CLANG_ANALYZER_NONNULL = YES;
				CLANG_CXX_LANGUAGE_STANDARD = "gnu++0x";
				CLANG_CXX_LIBRARY = "libc++";
				CLANG_ENABLE_MODULES = YES;
				CLANG_ENABLE_OBJC_ARC = YES;
				CLANG_WARN_BOOL_CONVERSION = YES;
				CLANG_WARN_CONSTANT_CONVERSION = YES;
				CLANG_WARN_DIRECT_OBJC_ISA_USAGE = YES_ERROR;
				CLANG_WARN_EMPTY_BODY = YES;
				CLANG_WARN_ENUM_CONVERSION = YES;
				CLANG_WARN_INT_CONVERSION = YES;
				CLANG_WARN_OBJC_ROOT_CLASS = YES_ERROR;
				CLANG_WARN_UNREACHABLE_CODE = YES;
				CLANG_WARN__DUPLICATE_METHOD_MATCH = YES;
				CODE_SIGN_IDENTITY = "-";
				COPY_PHASE_STRIP = NO;
				DEBUG_INFORMATION_FORMAT = dwarf;
				ENABLE_STRICT_OBJC_MSGSEND = YES;
				ENABLE_TESTABILITY = YES;
				GCC_C_LANGUAGE_STANDARD = gnu99;
				GCC_DYNAMIC_NO_PIC = NO;
				GCC_NO_COMMON_BLOCKS = YES;
				GCC_OPTIMIZATION_LEVEL = 0;
				GCC_PREPROCESSOR_DEFINITIONS = (
					"DEBUG=1",
					"$(inherited)",
				);
				GCC_WARN_64_TO_32_BIT_CONVERSION = YES;
				GCC_WARN_ABOUT_RETURN_TYPE = YES_ERROR;
				GCC_WARN_UNDECLARED_SELECTOR = YES;
				GCC_WARN_UNINITIALIZED_AUTOS = YES_AGGRESSIVE;
				GCC_WARN_UNUSED_FUNCTION = YES;
				GCC_WARN_UNUSED_VARIABLE = YES;
				MACOSX_DEPLOYMENT_TARGET = 10.11;
				MTL_ENABLE_DEBUG_INFO = YES;
				ONLY_ACTIVE_ARCH = YES;
				SDKROOT = macosx;
				SWIFT_OPTIMIZATION_LEVEL = "-Onone";
			};
			name = Debug;
		};
		31058D991CC639AC0066ED64 /* Release */ = {
			isa = XCBuildConfiguration;
			buildSettings = {
				ALWAYS_SEARCH_USER_PATHS = NO;
				CLANG_ANALYZER_NONNULL = YES;
				CLANG_CXX_LANGUAGE_STANDARD = "gnu++0x";
				CLANG_CXX_LIBRARY = "libc++";
				CLANG_ENABLE_MODULES = YES;
				CLANG_ENABLE_OBJC_ARC = YES;
				CLANG_WARN_BOOL_CONVERSION = YES;
				CLANG_WARN_CONSTANT_CONVERSION = YES;
				CLANG_WARN_DIRECT_OBJC_ISA_USAGE = YES_ERROR;
				CLANG_WARN_EMPTY_BODY = YES;
				CLANG_WARN_ENUM_CONVERSION = YES;
				CLANG_WARN_INT_CONVERSION = YES;
				CLANG_WARN_OBJC_ROOT_CLASS = YES_ERROR;
				CLANG_WARN_UNREACHABLE_CODE = YES;
				CLANG_WARN__DUPLICATE_METHOD_MATCH = YES;
				CODE_SIGN_IDENTITY = "-";
				COPY_PHASE_STRIP = NO;
				DEBUG_INFORMATION_FORMAT = "dwarf-with-dsym";
				ENABLE_NS_ASSERTIONS = NO;
				ENABLE_STRICT_OBJC_MSGSEND = YES;
				GCC_C_LANGUAGE_STANDARD = gnu99;
				GCC_NO_COMMON_BLOCKS = YES;
				GCC_WARN_64_TO_32_BIT_CONVERSION = YES;
				GCC_WARN_ABOUT_RETURN_TYPE = YES_ERROR;
				GCC_WARN_UNDECLARED_SELECTOR = YES;
				GCC_WARN_UNINITIALIZED_AUTOS = YES_AGGRESSIVE;
				GCC_WARN_UNUSED_FUNCTION = YES;
				GCC_WARN_UNUSED_VARIABLE = YES;
				MACOSX_DEPLOYMENT_TARGET = 10.11;
				MTL_ENABLE_DEBUG_INFO = NO;
				SDKROOT = macosx;
			};
			name = Release;
		};
		31058D9B1CC639AC0066ED64 /* Debug */ = {
			isa = XCBuildConfiguration;
			baseConfigurationReference = 086264B8E60D4CD6B75435A0 /* Pods.debug.xcconfig */;
			buildSettings = {
				ASSETCATALOG_COMPILER_APPICON_NAME = AppIcon;
				CLANG_ENABLE_MODULES = YES;
				COMBINE_HIDPI_IMAGES = YES;
				INFOPLIST_FILE = IMPGeometryTest/Info.plist;
				LD_RUNPATH_SEARCH_PATHS = "$(inherited) @executable_path/../Frameworks";
				PRODUCT_BUNDLE_IDENTIFIER = ImageMetalling.IMPGeometryTest;
				PRODUCT_NAME = "$(TARGET_NAME)";
				SWIFT_OBJC_BRIDGING_HEADER = "IMPGeometryTest/IMPGeometryTest-Bridging-Header.h";
				SWIFT_OPTIMIZATION_LEVEL = "-Onone";
			};
			name = Debug;
		};
		31058D9C1CC639AC0066ED64 /* Release */ = {
			isa = XCBuildConfiguration;
			baseConfigurationReference = CFECCDF5E6C810C6C86755D8 /* Pods.release.xcconfig */;
			buildSettings = {
				ASSETCATALOG_COMPILER_APPICON_NAME = AppIcon;
				CLANG_ENABLE_MODULES = YES;
				COMBINE_HIDPI_IMAGES = YES;
				INFOPLIST_FILE = IMPGeometryTest/Info.plist;
				LD_RUNPATH_SEARCH_PATHS = "$(inherited) @executable_path/../Frameworks";
				PRODUCT_BUNDLE_IDENTIFIER = ImageMetalling.IMPGeometryTest;
				PRODUCT_NAME = "$(TARGET_NAME)";
				SWIFT_OBJC_BRIDGING_HEADER = "IMPGeometryTest/IMPGeometryTest-Bridging-Header.h";
			};
			name = Release;
		};
/* End XCBuildConfiguration section */

/* Begin XCConfigurationList section */
		31058D861CC639AC0066ED64 /* Build configuration list for PBXProject "IMPGeometryTest" */ = {
			isa = XCConfigurationList;
			buildConfigurations = (
				31058D981CC639AC0066ED64 /* Debug */,
				31058D991CC639AC0066ED64 /* Release */,
			);
			defaultConfigurationIsVisible = 0;
			defaultConfigurationName = Release;
		};
		31058D9A1CC639AC0066ED64 /* Build configuration list for PBXNativeTarget "IMPGeometryTest" */ = {
			isa = XCConfigurationList;
			buildConfigurations = (
				31058D9B1CC639AC0066ED64 /* Debug */,
				31058D9C1CC639AC0066ED64 /* Release */,
			);
			defaultConfigurationIsVisible = 0;
			defaultConfigurationName = Release;
		};
/* End XCConfigurationList section */
	};
	rootObject = 31058D831CC639AC0066ED64 /* Project object */;
}
