// !$*UTF8*$!
{
	archiveVersion = 1;
	classes = {
	};
	objectVersion = 46;
	objects = {

/* Begin PBXBuildFile section */
		310284101C3929B600042B4C /* libturbojpeg.a in Frameworks */ = {isa = PBXBuildFile; fileRef = 3102840F1C3929B600042B4C /* libturbojpeg.a */; };
		310284141C392A4200042B4C /* IMPJpegturbo.m in Sources */ = {isa = PBXBuildFile; fileRef = 310284131C392A4200042B4C /* IMPJpegturbo.m */; };
		3112BCBC1C281CEB00825078 /* Assets.xcassets in Resources */ = {isa = PBXBuildFile; fileRef = 3112BCBB1C281CEB00825078 /* Assets.xcassets */; };
		3112BCBF1C281CEB00825078 /* Main.storyboard in Resources */ = {isa = PBXBuildFile; fileRef = 3112BCBD1C281CEB00825078 /* Main.storyboard */; };
		3112BCF41C281D9F00825078 /* IMPAdjustment.swift in Sources */ = {isa = PBXBuildFile; fileRef = 3112BCC81C281D9F00825078 /* IMPAdjustment.swift */; };
		3112BCF51C281D9F00825078 /* IMPContrastFilter.swift in Sources */ = {isa = PBXBuildFile; fileRef = 3112BCC91C281D9F00825078 /* IMPContrastFilter.swift */; };
		3112BCF61C281D9F00825078 /* IMPLutFilter.swift in Sources */ = {isa = PBXBuildFile; fileRef = 3112BCCA1C281D9F00825078 /* IMPLutFilter.swift */; };
		3112BCF71C281D9F00825078 /* IMPWBFilter.swift in Sources */ = {isa = PBXBuildFile; fileRef = 3112BCCB1C281D9F00825078 /* IMPWBFilter.swift */; };
		3112BCF81C281D9F00825078 /* IMPHistogram.swift in Sources */ = {isa = PBXBuildFile; fileRef = 3112BCCD1C281D9F00825078 /* IMPHistogram.swift */; };
		3112BCF91C281D9F00825078 /* IMPHistogramAnalyzer.swift in Sources */ = {isa = PBXBuildFile; fileRef = 3112BCCE1C281D9F00825078 /* IMPHistogramAnalyzer.swift */; };
		3112BCFA1C281D9F00825078 /* IMPHistogramAverageSolver.swift in Sources */ = {isa = PBXBuildFile; fileRef = 3112BCD01C281D9F00825078 /* IMPHistogramAverageSolver.swift */; };
		3112BCFB1C281D9F00825078 /* IMPHistogramLayerSolver.swift in Sources */ = {isa = PBXBuildFile; fileRef = 3112BCD11C281D9F00825078 /* IMPHistogramLayerSolver.swift */; };
		3112BCFC1C281D9F00825078 /* IMPHistogramRangeSolver.swift in Sources */ = {isa = PBXBuildFile; fileRef = 3112BCD21C281D9F00825078 /* IMPHistogramRangeSolver.swift */; };
		3112BCFD1C281D9F00825078 /* IMPContext.swift in Sources */ = {isa = PBXBuildFile; fileRef = 3112BCD31C281D9F00825078 /* IMPContext.swift */; };
		3112BCFE1C281D9F00825078 /* IMPExtensions.swift in Sources */ = {isa = PBXBuildFile; fileRef = 3112BCD41C281D9F00825078 /* IMPExtensions.swift */; };
		3112BCFF1C281D9F00825078 /* IMPFilter.swift in Sources */ = {isa = PBXBuildFile; fileRef = 3112BCD51C281D9F00825078 /* IMPFilter.swift */; };
		3112BD001C281D9F00825078 /* IMPFunction.swift in Sources */ = {isa = PBXBuildFile; fileRef = 3112BCD61C281D9F00825078 /* IMPFunction.swift */; };
		3112BD021C281D9F00825078 /* IMPImageProvider.swift in Sources */ = {isa = PBXBuildFile; fileRef = 3112BCD81C281D9F00825078 /* IMPImageProvider.swift */; };
		3112BD031C281D9F00825078 /* IMPTexturePovider.swift in Sources */ = {isa = PBXBuildFile; fileRef = 3112BCDA1C281D9F00825078 /* IMPTexturePovider.swift */; };
		3112BD061C281D9F00825078 /* IMPImageProvider+CubeLut.swift in Sources */ = {isa = PBXBuildFile; fileRef = 3112BCE01C281D9F00825078 /* IMPImageProvider+CubeLut.swift */; };
		3112BD071C281D9F00825078 /* IMPImageProvider+IMPImage.swift in Sources */ = {isa = PBXBuildFile; fileRef = 3112BCE11C281D9F00825078 /* IMPImageProvider+IMPImage.swift */; };
		3112BD081C281D9F00825078 /* IMPMain_metal.metal in Sources */ = {isa = PBXBuildFile; fileRef = 3112BCEC1C281D9F00825078 /* IMPMain_metal.metal */; };
		3112BD091C281D9F00825078 /* CGRect+IMProcessing.swift in Sources */ = {isa = PBXBuildFile; fileRef = 3112BCF01C281D9F00825078 /* CGRect+IMProcessing.swift */; };
		3112BD0A1C281D9F00825078 /* CGSize+IMProcessing.swift in Sources */ = {isa = PBXBuildFile; fileRef = 3112BCF11C281D9F00825078 /* CGSize+IMProcessing.swift */; };
		3112BD0B1C281D9F00825078 /* IMPImage+CGImage.swift in Sources */ = {isa = PBXBuildFile; fileRef = 3112BCF21C281D9F00825078 /* IMPImage+CGImage.swift */; };
		3112BD0C1C281D9F00825078 /* IMPImage+MTLTexture.swift in Sources */ = {isa = PBXBuildFile; fileRef = 3112BCF31C281D9F00825078 /* IMPImage+MTLTexture.swift */; };
		3112BD101C2820B400825078 /* IMProcessing.podspec in Resources */ = {isa = PBXBuildFile; fileRef = 3112BD0F1C2820B400825078 /* IMProcessing.podspec */; };
		3112BD151C2821F200825078 /* IMPHistogramView.swift in Sources */ = {isa = PBXBuildFile; fileRef = 3112BD131C2821F200825078 /* IMPHistogramView.swift */; };
		3112BD161C2821F200825078 /* IMPView.swift in Sources */ = {isa = PBXBuildFile; fileRef = 3112BD141C2821F200825078 /* IMPView.swift */; };
		311690D61C2D1D1700904FBF /* IMPImageView.swift in Sources */ = {isa = PBXBuildFile; fileRef = 311690D51C2D1D1700904FBF /* IMPImageView.swift */; };
		311E50871C4141F100D407A9 /* IMPSplines.swift in Sources */ = {isa = PBXBuildFile; fileRef = 311E50861C4141F100D407A9 /* IMPSplines.swift */; };
		31265AA71C3489B0005B8B00 /* IMPPaletteLayerSolver.swift in Sources */ = {isa = PBXBuildFile; fileRef = 31265AA61C3489B0005B8B00 /* IMPPaletteLayerSolver.swift */; };
		31265AA91C34DB66005B8B00 /* IMPPaletteView.swift in Sources */ = {isa = PBXBuildFile; fileRef = 31265AA81C34DB66005B8B00 /* IMPPaletteView.swift */; };
		312B8E5E1C2AEC3300FFFD76 /* IMPColorSpaces.swift in Sources */ = {isa = PBXBuildFile; fileRef = 312B8E5D1C2AEC3300FFFD76 /* IMPColorSpaces.swift */; };
		315F802C1C4FD45800FBF030 /* IMPHistogramZonesSolver.swift in Sources */ = {isa = PBXBuildFile; fileRef = 315F802B1C4FD45800FBF030 /* IMPHistogramZonesSolver.swift */; };
		31819C1B1C288C1E0037DA99 /* IMPColorWeightsAnalyzer.swift in Sources */ = {isa = PBXBuildFile; fileRef = 31819C1A1C288C1E0037DA99 /* IMPColorWeightsAnalyzer.swift */; };
		31819C1E1C2953BD0037DA99 /* IMPDistribution.swift in Sources */ = {isa = PBXBuildFile; fileRef = 31819C1D1C2953BD0037DA99 /* IMPDistribution.swift */; };
		31819C241C2996FC0037DA99 /* IMPHSVFilter.swift in Sources */ = {isa = PBXBuildFile; fileRef = 31819C231C2996FC0037DA99 /* IMPHSVFilter.swift */; };
		31819C261C299FC30037DA99 /* IMPMath.swift in Sources */ = {isa = PBXBuildFile; fileRef = 31819C251C299FC30037DA99 /* IMPMath.swift */; };
		318423CE1C47EE3B002E5F25 /* IMPGaussianBlurFilter.swift in Sources */ = {isa = PBXBuildFile; fileRef = 318423CD1C47EE3B002E5F25 /* IMPGaussianBlurFilter.swift */; };
		318423D31C48E772002E5F25 /* IMPIIRGaussianBlurFilter.swift in Sources */ = {isa = PBXBuildFile; fileRef = 318423D21C48E772002E5F25 /* IMPIIRGaussianBlurFilter.swift */; };
		319EA4461C5650B300FB6BB1 /* IMPFilmGrainFilter.swift in Sources */ = {isa = PBXBuildFile; fileRef = 319EA4451C5650B300FB6BB1 /* IMPFilmGrainFilter.swift */; };
		31C5789D1C44F425002EEF8D /* IMPCurvesFilter.swift in Sources */ = {isa = PBXBuildFile; fileRef = 31C5789C1C44F425002EEF8D /* IMPCurvesFilter.swift */; };
		31CBB5FD1C2AC88E002AE689 /* IMPAutoWBFilter.swift in Sources */ = {isa = PBXBuildFile; fileRef = 31CBB5FC1C2AC88E002AE689 /* IMPAutoWBFilter.swift */; };
		31D2674D1C4D2B9C004088CC /* IMPMaxSizeFilter.swift in Sources */ = {isa = PBXBuildFile; fileRef = 31D2674C1C4D2B9C004088CC /* IMPMaxSizeFilter.swift */; };
		31D4A7951C2C138F00A7C278 /* AppDelegate.swift in Sources */ = {isa = PBXBuildFile; fileRef = 31D4A78E1C2C138F00A7C278 /* AppDelegate.swift */; };
		31D4A7961C2C138F00A7C278 /* Document.swift in Sources */ = {isa = PBXBuildFile; fileRef = 31D4A78F1C2C138F00A7C278 /* Document.swift */; };
		31D4A7971C2C138F00A7C278 /* IMPDocument.swift in Sources */ = {isa = PBXBuildFile; fileRef = 31D4A7901C2C138F00A7C278 /* IMPDocument.swift */; };
		31D4A7981C2C138F00A7C278 /* IMPMenuHandler.swift in Sources */ = {isa = PBXBuildFile; fileRef = 31D4A7911C2C138F00A7C278 /* IMPMenuHandler.swift */; };
		31D4A79A1C2C138F00A7C278 /* IMPTestFilter.swift in Sources */ = {isa = PBXBuildFile; fileRef = 31D4A7931C2C138F00A7C278 /* IMPTestFilter.swift */; };
		31D4A79B1C2C138F00A7C278 /* ViewController.swift in Sources */ = {isa = PBXBuildFile; fileRef = 31D4A7941C2C138F00A7C278 /* ViewController.swift */; };
		31E670861C31894B00F947F7 /* IMPHistogramCubeAnalyzer.swift in Sources */ = {isa = PBXBuildFile; fileRef = 31E670851C31894B00F947F7 /* IMPHistogramCubeAnalyzer.swift */; };
		31EC4DFB1C31877A00068A14 /* IMPHistogramCube.swift in Sources */ = {isa = PBXBuildFile; fileRef = 31EC4DFA1C31877A00068A14 /* IMPHistogramCube.swift */; };
		31F072371C56315B0093976E /* IMPRandomNoiseFilter.swift in Sources */ = {isa = PBXBuildFile; fileRef = 31F072361C56315B0093976E /* IMPRandomNoiseFilter.swift */; };
		31F4F8241C3D88A9009D8FAB /* IMPHistogramGenerator.swift in Sources */ = {isa = PBXBuildFile; fileRef = 31F4F8231C3D88A9009D8FAB /* IMPHistogramGenerator.swift */; };
/* End PBXBuildFile section */

/* Begin PBXFileReference section */
		3102840F1C3929B600042B4C /* libturbojpeg.a */ = {isa = PBXFileReference; lastKnownFileType = archive.ar; name = libturbojpeg.a; path = vendor/lib/libturbojpeg.a; sourceTree = "<group>"; };
		310284121C392A4200042B4C /* IMPJpegturbo.h */ = {isa = PBXFileReference; fileEncoding = 4; lastKnownFileType = sourcecode.c.h; path = IMPJpegturbo.h; sourceTree = "<group>"; };
		310284131C392A4200042B4C /* IMPJpegturbo.m */ = {isa = PBXFileReference; fileEncoding = 4; lastKnownFileType = sourcecode.c.objc; path = IMPJpegturbo.m; sourceTree = "<group>"; };
		3112BCB21C281CEB00825078 /* IMProcessing.app */ = {isa = PBXFileReference; explicitFileType = wrapper.application; includeInIndex = 0; path = IMProcessing.app; sourceTree = BUILT_PRODUCTS_DIR; };
		3112BCBB1C281CEB00825078 /* Assets.xcassets */ = {isa = PBXFileReference; lastKnownFileType = folder.assetcatalog; path = Assets.xcassets; sourceTree = "<group>"; };
		3112BCBE1C281CEB00825078 /* Base */ = {isa = PBXFileReference; lastKnownFileType = file.storyboard; name = Base; path = Base.lproj/Main.storyboard; sourceTree = "<group>"; };
		3112BCC01C281CEB00825078 /* Info.plist */ = {isa = PBXFileReference; lastKnownFileType = text.plist.xml; path = Info.plist; sourceTree = "<group>"; };
		3112BCC81C281D9F00825078 /* IMPAdjustment.swift */ = {isa = PBXFileReference; fileEncoding = 4; lastKnownFileType = sourcecode.swift; path = IMPAdjustment.swift; sourceTree = "<group>"; };
		3112BCC91C281D9F00825078 /* IMPContrastFilter.swift */ = {isa = PBXFileReference; fileEncoding = 4; lastKnownFileType = sourcecode.swift; path = IMPContrastFilter.swift; sourceTree = "<group>"; };
		3112BCCA1C281D9F00825078 /* IMPLutFilter.swift */ = {isa = PBXFileReference; fileEncoding = 4; lastKnownFileType = sourcecode.swift; path = IMPLutFilter.swift; sourceTree = "<group>"; };
		3112BCCB1C281D9F00825078 /* IMPWBFilter.swift */ = {isa = PBXFileReference; fileEncoding = 4; lastKnownFileType = sourcecode.swift; path = IMPWBFilter.swift; sourceTree = "<group>"; };
		3112BCCD1C281D9F00825078 /* IMPHistogram.swift */ = {isa = PBXFileReference; fileEncoding = 4; lastKnownFileType = sourcecode.swift; path = IMPHistogram.swift; sourceTree = "<group>"; };
		3112BCCE1C281D9F00825078 /* IMPHistogramAnalyzer.swift */ = {isa = PBXFileReference; fileEncoding = 4; lastKnownFileType = sourcecode.swift; path = IMPHistogramAnalyzer.swift; sourceTree = "<group>"; };
		3112BCD01C281D9F00825078 /* IMPHistogramAverageSolver.swift */ = {isa = PBXFileReference; fileEncoding = 4; lastKnownFileType = sourcecode.swift; path = IMPHistogramAverageSolver.swift; sourceTree = "<group>"; };
		3112BCD11C281D9F00825078 /* IMPHistogramLayerSolver.swift */ = {isa = PBXFileReference; fileEncoding = 4; lastKnownFileType = sourcecode.swift; path = IMPHistogramLayerSolver.swift; sourceTree = "<group>"; };
		3112BCD21C281D9F00825078 /* IMPHistogramRangeSolver.swift */ = {isa = PBXFileReference; fileEncoding = 4; lastKnownFileType = sourcecode.swift; path = IMPHistogramRangeSolver.swift; sourceTree = "<group>"; };
		3112BCD31C281D9F00825078 /* IMPContext.swift */ = {isa = PBXFileReference; fileEncoding = 4; lastKnownFileType = sourcecode.swift; path = IMPContext.swift; sourceTree = "<group>"; };
		3112BCD41C281D9F00825078 /* IMPExtensions.swift */ = {isa = PBXFileReference; fileEncoding = 4; lastKnownFileType = sourcecode.swift; path = IMPExtensions.swift; sourceTree = "<group>"; };
		3112BCD51C281D9F00825078 /* IMPFilter.swift */ = {isa = PBXFileReference; fileEncoding = 4; lastKnownFileType = sourcecode.swift; path = IMPFilter.swift; sourceTree = "<group>"; };
		3112BCD61C281D9F00825078 /* IMPFunction.swift */ = {isa = PBXFileReference; fileEncoding = 4; lastKnownFileType = sourcecode.swift; path = IMPFunction.swift; sourceTree = "<group>"; };
		3112BCD81C281D9F00825078 /* IMPImageProvider.swift */ = {isa = PBXFileReference; fileEncoding = 4; lastKnownFileType = sourcecode.swift; path = IMPImageProvider.swift; sourceTree = "<group>"; };
		3112BCDA1C281D9F00825078 /* IMPTexturePovider.swift */ = {isa = PBXFileReference; fileEncoding = 4; lastKnownFileType = sourcecode.swift; path = IMPTexturePovider.swift; sourceTree = "<group>"; };
		3112BCE01C281D9F00825078 /* IMPImageProvider+CubeLut.swift */ = {isa = PBXFileReference; fileEncoding = 4; lastKnownFileType = sourcecode.swift; path = "IMPImageProvider+CubeLut.swift"; sourceTree = "<group>"; };
		3112BCE11C281D9F00825078 /* IMPImageProvider+IMPImage.swift */ = {isa = PBXFileReference; fileEncoding = 4; lastKnownFileType = sourcecode.swift; path = "IMPImageProvider+IMPImage.swift"; sourceTree = "<group>"; };
		3112BCE31C281D9F00825078 /* IMPAdjustment_metal.h */ = {isa = PBXFileReference; fileEncoding = 4; lastKnownFileType = sourcecode.c.h; path = IMPAdjustment_metal.h; sourceTree = "<group>"; };
		3112BCE41C281D9F00825078 /* IMPBlending_metal.h */ = {isa = PBXFileReference; fileEncoding = 4; lastKnownFileType = sourcecode.c.h; path = IMPBlending_metal.h; sourceTree = "<group>"; };
		3112BCE51C281D9F00825078 /* IMPColorSpaces_metal.h */ = {isa = PBXFileReference; fileEncoding = 4; lastKnownFileType = sourcecode.c.h; path = IMPColorSpaces_metal.h; sourceTree = "<group>"; };
		3112BCE61C281D9F00825078 /* IMPCommon_metal.h */ = {isa = PBXFileReference; fileEncoding = 4; lastKnownFileType = sourcecode.c.h; path = IMPCommon_metal.h; sourceTree = "<group>"; };
		3112BCE71C281D9F00825078 /* IMPConstants_metal.h */ = {isa = PBXFileReference; fileEncoding = 4; lastKnownFileType = sourcecode.c.h; path = IMPConstants_metal.h; sourceTree = "<group>"; };
		3112BCE81C281D9F00825078 /* IMPFlowControl_metal.h */ = {isa = PBXFileReference; fileEncoding = 4; lastKnownFileType = sourcecode.c.h; path = IMPFlowControl_metal.h; sourceTree = "<group>"; };
		3112BCE91C281D9F00825078 /* IMPHistogram_metal.h */ = {isa = PBXFileReference; fileEncoding = 4; lastKnownFileType = sourcecode.c.h; path = IMPHistogram_metal.h; sourceTree = "<group>"; xcLanguageSpecificationIdentifier = xcode.lang.metal; };
		3112BCEA1C281D9F00825078 /* IMPHistogramLayer_metal.h */ = {isa = PBXFileReference; fileEncoding = 4; lastKnownFileType = sourcecode.c.h; path = IMPHistogramLayer_metal.h; sourceTree = "<group>"; };
		3112BCEC1C281D9F00825078 /* IMPMain_metal.metal */ = {isa = PBXFileReference; fileEncoding = 4; lastKnownFileType = sourcecode.metal; path = IMPMain_metal.metal; sourceTree = "<group>"; };
		3112BCED1C281D9F00825078 /* IMPStdlib_metal.h */ = {isa = PBXFileReference; fileEncoding = 4; lastKnownFileType = sourcecode.c.h; path = IMPStdlib_metal.h; sourceTree = "<group>"; xcLanguageSpecificationIdentifier = xcode.lang.metal; };
		3112BCF01C281D9F00825078 /* CGRect+IMProcessing.swift */ = {isa = PBXFileReference; fileEncoding = 4; lastKnownFileType = sourcecode.swift; path = "CGRect+IMProcessing.swift"; sourceTree = "<group>"; };
		3112BCF11C281D9F00825078 /* CGSize+IMProcessing.swift */ = {isa = PBXFileReference; fileEncoding = 4; lastKnownFileType = sourcecode.swift; path = "CGSize+IMProcessing.swift"; sourceTree = "<group>"; };
		3112BCF21C281D9F00825078 /* IMPImage+CGImage.swift */ = {isa = PBXFileReference; fileEncoding = 4; lastKnownFileType = sourcecode.swift; path = "IMPImage+CGImage.swift"; sourceTree = "<group>"; };
		3112BCF31C281D9F00825078 /* IMPImage+MTLTexture.swift */ = {isa = PBXFileReference; fileEncoding = 4; lastKnownFileType = sourcecode.swift; path = "IMPImage+MTLTexture.swift"; sourceTree = "<group>"; };
		3112BD0F1C2820B400825078 /* IMProcessing.podspec */ = {isa = PBXFileReference; fileEncoding = 4; lastKnownFileType = text; path = IMProcessing.podspec; sourceTree = SOURCE_ROOT; xcLanguageSpecificationIdentifier = xcode.lang.ruby; };
		3112BD131C2821F200825078 /* IMPHistogramView.swift */ = {isa = PBXFileReference; fileEncoding = 4; lastKnownFileType = sourcecode.swift; name = IMPHistogramView.swift; path = FrontEnd/IMPHistogramView.swift; sourceTree = "<group>"; };
		3112BD141C2821F200825078 /* IMPView.swift */ = {isa = PBXFileReference; fileEncoding = 4; lastKnownFileType = sourcecode.swift; name = IMPView.swift; path = FrontEnd/IMPView.swift; sourceTree = "<group>"; };
		3112BD201C28260000825078 /* IMPSwift-Bridging-Metal.h */ = {isa = PBXFileReference; lastKnownFileType = sourcecode.c.h; path = "IMPSwift-Bridging-Metal.h"; sourceTree = "<group>"; };
		3112BD211C28284900825078 /* IMPHistogramTypes-Bridging-Metal.h */ = {isa = PBXFileReference; fileEncoding = 4; lastKnownFileType = sourcecode.c.h; name = "IMPHistogramTypes-Bridging-Metal.h"; path = "IMProcessing/Classes/Bridging/IMPHistogramTypes-Bridging-Metal.h"; sourceTree = SOURCE_ROOT; };
		3112BD221C28284900825078 /* IMProcessing-Bridging-Header.h */ = {isa = PBXFileReference; fileEncoding = 4; lastKnownFileType = sourcecode.c.h; name = "IMProcessing-Bridging-Header.h"; path = "IMProcessing/Classes/Bridging/IMProcessing-Bridging-Header.h"; sourceTree = SOURCE_ROOT; };
		3112BD231C28284900825078 /* IMPTypes-Bridging-Metal.h */ = {isa = PBXFileReference; fileEncoding = 4; lastKnownFileType = sourcecode.c.h; name = "IMPTypes-Bridging-Metal.h"; path = "IMProcessing/Classes/Bridging/IMPTypes-Bridging-Metal.h"; sourceTree = SOURCE_ROOT; };
		311690D51C2D1D1700904FBF /* IMPImageView.swift */ = {isa = PBXFileReference; fileEncoding = 4; lastKnownFileType = sourcecode.swift; name = IMPImageView.swift; path = FrontEnd/IMPImageView.swift; sourceTree = "<group>"; };
		311E50861C4141F100D407A9 /* IMPSplines.swift */ = {isa = PBXFileReference; fileEncoding = 4; lastKnownFileType = sourcecode.swift; name = IMPSplines.swift; path = Math/IMPSplines.swift; sourceTree = "<group>"; };
		311E508A1C41562900D407A9 /* IMPAdjustmentSHL_metal.h */ = {isa = PBXFileReference; fileEncoding = 4; lastKnownFileType = sourcecode.c.h; path = IMPAdjustmentSHL_metal.h; sourceTree = "<group>"; };
		31265AA61C3489B0005B8B00 /* IMPPaletteLayerSolver.swift */ = {isa = PBXFileReference; fileEncoding = 4; lastKnownFileType = sourcecode.swift; path = IMPPaletteLayerSolver.swift; sourceTree = "<group>"; };
		31265AA81C34DB66005B8B00 /* IMPPaletteView.swift */ = {isa = PBXFileReference; fileEncoding = 4; lastKnownFileType = sourcecode.swift; name = IMPPaletteView.swift; path = FrontEnd/IMPPaletteView.swift; sourceTree = "<group>"; };
		312B8E5D1C2AEC3300FFFD76 /* IMPColorSpaces.swift */ = {isa = PBXFileReference; fileEncoding = 4; lastKnownFileType = sourcecode.swift; name = IMPColorSpaces.swift; path = Math/IMPColorSpaces.swift; sourceTree = "<group>"; };
		312B8E5F1C2AEFB100FFFD76 /* IMPOperations-Bridgin-Metal.h */ = {isa = PBXFileReference; lastKnownFileType = sourcecode.c.h; name = "IMPOperations-Bridgin-Metal.h"; path = "IMProcessing/Classes/Bridging/IMPOperations-Bridgin-Metal.h"; sourceTree = SOURCE_ROOT; };
		314403AB1C28412600BC06A7 /* IMProcessing.h */ = {isa = PBXFileReference; lastKnownFileType = sourcecode.c.h; name = IMProcessing.h; path = IMProcessing/Classes/IMProcessing.h; sourceTree = SOURCE_ROOT; };
		315F802B1C4FD45800FBF030 /* IMPHistogramZonesSolver.swift */ = {isa = PBXFileReference; fileEncoding = 4; lastKnownFileType = sourcecode.swift; path = IMPHistogramZonesSolver.swift; sourceTree = "<group>"; };
		31819C111C285E6B0037DA99 /* README.md */ = {isa = PBXFileReference; lastKnownFileType = net.daringfireball.markdown; name = README.md; path = ../README.md; sourceTree = "<group>"; };
		31819C1A1C288C1E0037DA99 /* IMPColorWeightsAnalyzer.swift */ = {isa = PBXFileReference; fileEncoding = 4; lastKnownFileType = sourcecode.swift; path = IMPColorWeightsAnalyzer.swift; sourceTree = "<group>"; };
		31819C1D1C2953BD0037DA99 /* IMPDistribution.swift */ = {isa = PBXFileReference; fileEncoding = 4; lastKnownFileType = sourcecode.swift; name = IMPDistribution.swift; path = Math/IMPDistribution.swift; sourceTree = "<group>"; };
		31819C211C298A8A0037DA99 /* IMPConstants-Bridging-Metal.h */ = {isa = PBXFileReference; lastKnownFileType = sourcecode.c.h; name = "IMPConstants-Bridging-Metal.h"; path = "IMProcessing/Classes/Bridging/IMPConstants-Bridging-Metal.h"; sourceTree = SOURCE_ROOT; };
		31819C221C2995C30037DA99 /* IMPAdjustmentHSV_metal.h */ = {isa = PBXFileReference; lastKnownFileType = sourcecode.c.h; path = IMPAdjustmentHSV_metal.h; sourceTree = "<group>"; xcLanguageSpecificationIdentifier = xcode.lang.metal; };
		31819C231C2996FC0037DA99 /* IMPHSVFilter.swift */ = {isa = PBXFileReference; fileEncoding = 4; lastKnownFileType = sourcecode.swift; path = IMPHSVFilter.swift; sourceTree = "<group>"; };
		31819C251C299FC30037DA99 /* IMPMath.swift */ = {isa = PBXFileReference; fileEncoding = 4; lastKnownFileType = sourcecode.swift; name = IMPMath.swift; path = Math/IMPMath.swift; sourceTree = "<group>"; };
		318423CD1C47EE3B002E5F25 /* IMPGaussianBlurFilter.swift */ = {isa = PBXFileReference; fileEncoding = 4; lastKnownFileType = sourcecode.swift; name = IMPGaussianBlurFilter.swift; path = Convolutions/IMPGaussianBlurFilter.swift; sourceTree = "<group>"; };
		318423D01C47F3ED002E5F25 /* IMPGaussianBlur_metal.h */ = {isa = PBXFileReference; fileEncoding = 4; lastKnownFileType = sourcecode.c.h; path = IMPGaussianBlur_metal.h; sourceTree = "<group>"; };
		318423D21C48E772002E5F25 /* IMPIIRGaussianBlurFilter.swift */ = {isa = PBXFileReference; fileEncoding = 4; lastKnownFileType = sourcecode.swift; name = IMPIIRGaussianBlurFilter.swift; path = Convolutions/IMPIIRGaussianBlurFilter.swift; sourceTree = "<group>"; };
		319EA4441C564DA500FB6BB1 /* IMPFilmGrain_metal.h */ = {isa = PBXFileReference; fileEncoding = 4; lastKnownFileType = sourcecode.c.h; path = IMPFilmGrain_metal.h; sourceTree = "<group>"; xcLanguageSpecificationIdentifier = xcode.lang.metal; };
		319EA4451C5650B300FB6BB1 /* IMPFilmGrainFilter.swift */ = {isa = PBXFileReference; fileEncoding = 4; lastKnownFileType = sourcecode.swift; name = IMPFilmGrainFilter.swift; path = Effects/IMPFilmGrainFilter.swift; sourceTree = "<group>"; };
		31C578991C44F220002EEF8D /* IMPAdjustmentWB_metal.h */ = {isa = PBXFileReference; fileEncoding = 4; lastKnownFileType = sourcecode.c.h; path = IMPAdjustmentWB_metal.h; sourceTree = "<group>"; };
		31C5789A1C44F2C1002EEF8D /* IMPAdjustmentContrast_metal.h */ = {isa = PBXFileReference; fileEncoding = 4; lastKnownFileType = sourcecode.c.h; path = IMPAdjustmentContrast_metal.h; sourceTree = "<group>"; };
		31C5789B1C44F37E002EEF8D /* IMPAdjustment3DLUT_metal.h */ = {isa = PBXFileReference; fileEncoding = 4; lastKnownFileType = sourcecode.c.h; path = IMPAdjustment3DLUT_metal.h; sourceTree = "<group>"; };
		31C5789C1C44F425002EEF8D /* IMPCurvesFilter.swift */ = {isa = PBXFileReference; fileEncoding = 4; lastKnownFileType = sourcecode.swift; path = IMPCurvesFilter.swift; sourceTree = "<group>"; };
		31C5789E1C4503D5002EEF8D /* IMPAdjustmentCurves_metal.h */ = {isa = PBXFileReference; fileEncoding = 4; lastKnownFileType = sourcecode.c.h; path = IMPAdjustmentCurves_metal.h; sourceTree = "<group>"; xcLanguageSpecificationIdentifier = xcode.lang.metal; };
		31CBB5FC1C2AC88E002AE689 /* IMPAutoWBFilter.swift */ = {isa = PBXFileReference; fileEncoding = 4; lastKnownFileType = sourcecode.swift; path = IMPAutoWBFilter.swift; sourceTree = "<group>"; };
		31D2674C1C4D2B9C004088CC /* IMPMaxSizeFilter.swift */ = {isa = PBXFileReference; fileEncoding = 4; lastKnownFileType = sourcecode.swift; name = IMPMaxSizeFilter.swift; path = Geometry/IMPMaxSizeFilter.swift; sourceTree = "<group>"; };
		31D4A78E1C2C138F00A7C278 /* AppDelegate.swift */ = {isa = PBXFileReference; fileEncoding = 4; lastKnownFileType = sourcecode.swift; name = AppDelegate.swift; path = Example/AppDelegate.swift; sourceTree = "<group>"; };
		31D4A78F1C2C138F00A7C278 /* Document.swift */ = {isa = PBXFileReference; fileEncoding = 4; lastKnownFileType = sourcecode.swift; name = Document.swift; path = Example/Document.swift; sourceTree = "<group>"; };
		31D4A7901C2C138F00A7C278 /* IMPDocument.swift */ = {isa = PBXFileReference; fileEncoding = 4; lastKnownFileType = sourcecode.swift; name = IMPDocument.swift; path = Example/IMPDocument.swift; sourceTree = "<group>"; };
		31D4A7911C2C138F00A7C278 /* IMPMenuHandler.swift */ = {isa = PBXFileReference; fileEncoding = 4; lastKnownFileType = sourcecode.swift; name = IMPMenuHandler.swift; path = Example/IMPMenuHandler.swift; sourceTree = "<group>"; };
		31D4A7931C2C138F00A7C278 /* IMPTestFilter.swift */ = {isa = PBXFileReference; fileEncoding = 4; lastKnownFileType = sourcecode.swift; name = IMPTestFilter.swift; path = Example/IMPTestFilter.swift; sourceTree = "<group>"; };
		31D4A7941C2C138F00A7C278 /* ViewController.swift */ = {isa = PBXFileReference; fileEncoding = 4; lastKnownFileType = sourcecode.swift; name = ViewController.swift; path = Example/ViewController.swift; sourceTree = "<group>"; };
		31E670851C31894B00F947F7 /* IMPHistogramCubeAnalyzer.swift */ = {isa = PBXFileReference; fileEncoding = 4; lastKnownFileType = sourcecode.swift; path = IMPHistogramCubeAnalyzer.swift; sourceTree = "<group>"; };
		31EC4DFA1C31877A00068A14 /* IMPHistogramCube.swift */ = {isa = PBXFileReference; fileEncoding = 4; lastKnownFileType = sourcecode.swift; path = IMPHistogramCube.swift; sourceTree = "<group>"; };
		31F072351C562ED80093976E /* IMPRandomNoise_metal.h */ = {isa = PBXFileReference; fileEncoding = 4; lastKnownFileType = sourcecode.c.h; path = IMPRandomNoise_metal.h; sourceTree = "<group>"; xcLanguageSpecificationIdentifier = xcode.lang.metal; };
		31F072361C56315B0093976E /* IMPRandomNoiseFilter.swift */ = {isa = PBXFileReference; fileEncoding = 4; lastKnownFileType = sourcecode.swift; name = IMPRandomNoiseFilter.swift; path = IMProcessing/Classes/Effects/IMPRandomNoiseFilter.swift; sourceTree = SOURCE_ROOT; };
		31F4F8231C3D88A9009D8FAB /* IMPHistogramGenerator.swift */ = {isa = PBXFileReference; fileEncoding = 4; lastKnownFileType = sourcecode.swift; name = IMPHistogramGenerator.swift; path = FrontEnd/IMPHistogramGenerator.swift; sourceTree = "<group>"; };
/* End PBXFileReference section */

/* Begin PBXFrameworksBuildPhase section */
		3112BCAF1C281CEB00825078 /* Frameworks */ = {
			isa = PBXFrameworksBuildPhase;
			buildActionMask = 2147483647;
			files = (
				310284101C3929B600042B4C /* libturbojpeg.a in Frameworks */,
			);
			runOnlyForDeploymentPostprocessing = 0;
		};
/* End PBXFrameworksBuildPhase section */

/* Begin PBXGroup section */
		310284111C3929DB00042B4C /* Frameworks */ = {
			isa = PBXGroup;
			children = (
				3102840F1C3929B600042B4C /* libturbojpeg.a */,
			);
			name = Frameworks;
			sourceTree = "<group>";
		};
		3112BCA91C281CEB00825078 = {
			isa = PBXGroup;
			children = (
				3112BCB41C281CEB00825078 /* IMProcessing */,
				310284111C3929DB00042B4C /* Frameworks */,
				3112BCB31C281CEB00825078 /* Products */,
			);
			sourceTree = "<group>";
		};
		3112BCB31C281CEB00825078 /* Products */ = {
			isa = PBXGroup;
			children = (
				3112BCB21C281CEB00825078 /* IMProcessing.app */,
			);
			name = Products;
			sourceTree = "<group>";
		};
		3112BCB41C281CEB00825078 /* IMProcessing */ = {
			isa = PBXGroup;
			children = (
				3112BD0D1C28209300825078 /* Pods */,
				3112BCC61C281D9F00825078 /* Classes */,
				31D4A78D1C2C136600A7C278 /* Resources */,
				3112BD0E1C28209A00825078 /* Example */,
				3112BCC01C281CEB00825078 /* Info.plist */,
			);
			path = IMProcessing;
			sourceTree = "<group>";
		};
		3112BCC61C281D9F00825078 /* Classes */ = {
			isa = PBXGroup;
			children = (
				3112BCDC1C281D9F00825078 /* Bridging */,
				3112BCEF1C281D9F00825078 /* Utils */,
				31819C1C1C2953950037DA99 /* Math */,
				3112BD111C28218500825078 /* Base */,
				3112BCC71C281D9F00825078 /*  Color Processing */,
				318423CC1C47EDA3002E5F25 /* Image Processing */,
				3112BCCC1C281D9F00825078 /* Histogram */,
				3112BCDF1C281D9F00825078 /* Providers */,
				3112BD121C2821D200825078 /* FrontEnd */,
				3112BCE21C281D9F00825078 /* Shaders */,
			);
			path = Classes;
			sourceTree = "<group>";
		};
		3112BCC71C281D9F00825078 /*  Color Processing */ = {
			isa = PBXGroup;
			children = (
				3112BCC81C281D9F00825078 /* IMPAdjustment.swift */,
				31C5789C1C44F425002EEF8D /* IMPCurvesFilter.swift */,
				3112BCC91C281D9F00825078 /* IMPContrastFilter.swift */,
				3112BCCA1C281D9F00825078 /* IMPLutFilter.swift */,
				3112BCCB1C281D9F00825078 /* IMPWBFilter.swift */,
				31CBB5FC1C2AC88E002AE689 /* IMPAutoWBFilter.swift */,
				31819C231C2996FC0037DA99 /* IMPHSVFilter.swift */,
			);
			name = " Color Processing";
			path = Adjustments;
			sourceTree = "<group>";
		};
		3112BCCC1C281D9F00825078 /* Histogram */ = {
			isa = PBXGroup;
			children = (
				3112BCCD1C281D9F00825078 /* IMPHistogram.swift */,
				31EC4DFA1C31877A00068A14 /* IMPHistogramCube.swift */,
				3112BCCE1C281D9F00825078 /* IMPHistogramAnalyzer.swift */,
				31E670851C31894B00F947F7 /* IMPHistogramCubeAnalyzer.swift */,
				31819C1A1C288C1E0037DA99 /* IMPColorWeightsAnalyzer.swift */,
				3112BCCF1C281D9F00825078 /* Solvers */,
			);
			path = Histogram;
			sourceTree = "<group>";
		};
		3112BCCF1C281D9F00825078 /* Solvers */ = {
			isa = PBXGroup;
			children = (
				3112BCD01C281D9F00825078 /* IMPHistogramAverageSolver.swift */,
				315F802B1C4FD45800FBF030 /* IMPHistogramZonesSolver.swift */,
				3112BCD21C281D9F00825078 /* IMPHistogramRangeSolver.swift */,
				3112BCD11C281D9F00825078 /* IMPHistogramLayerSolver.swift */,
				31265AA61C3489B0005B8B00 /* IMPPaletteLayerSolver.swift */,
			);
			path = Solvers;
			sourceTree = "<group>";
		};
		3112BCDC1C281D9F00825078 /* Bridging */ = {
			isa = PBXGroup;
			children = (
				3112BD221C28284900825078 /* IMProcessing-Bridging-Header.h */,
				31819C211C298A8A0037DA99 /* IMPConstants-Bridging-Metal.h */,
				3112BD231C28284900825078 /* IMPTypes-Bridging-Metal.h */,
				312B8E5F1C2AEFB100FFFD76 /* IMPOperations-Bridgin-Metal.h */,
				3112BD211C28284900825078 /* IMPHistogramTypes-Bridging-Metal.h */,
				314403AB1C28412600BC06A7 /* IMProcessing.h */,
			);
			name = Bridging;
			path = ObjcBridge;
			sourceTree = "<group>";
		};
		3112BCDF1C281D9F00825078 /* Providers */ = {
			isa = PBXGroup;
			children = (
				3112BCE01C281D9F00825078 /* IMPImageProvider+CubeLut.swift */,
				3112BCE11C281D9F00825078 /* IMPImageProvider+IMPImage.swift */,
			);
			path = Providers;
			sourceTree = "<group>";
		};
		3112BCE21C281D9F00825078 /* Shaders */ = {
			isa = PBXGroup;
			children = (
				3143FFF01C2855CD005D8739 /* Base */,
				3143FFF31C2855FB005D8739 /* Color Processing */,
				318423CF1C47F3C5002E5F25 /* Image Processing */,
				3143FFF11C2855EE005D8739 /* Histogram */,
				3112BCED1C281D9F00825078 /* IMPStdlib_metal.h */,
				3112BCEC1C281D9F00825078 /* IMPMain_metal.metal */,
			);
			path = Shaders;
			sourceTree = "<group>";
		};
		3112BCEF1C281D9F00825078 /* Utils */ = {
			isa = PBXGroup;
			children = (
				3112BCF01C281D9F00825078 /* CGRect+IMProcessing.swift */,
				3112BCF11C281D9F00825078 /* CGSize+IMProcessing.swift */,
				3112BCF21C281D9F00825078 /* IMPImage+CGImage.swift */,
				3112BCF31C281D9F00825078 /* IMPImage+MTLTexture.swift */,
				310284121C392A4200042B4C /* IMPJpegturbo.h */,
				310284131C392A4200042B4C /* IMPJpegturbo.m */,
			);
			path = Utils;
			sourceTree = "<group>";
		};
		3112BD0D1C28209300825078 /* Pods */ = {
			isa = PBXGroup;
			children = (
				31819C111C285E6B0037DA99 /* README.md */,
				3112BD0F1C2820B400825078 /* IMProcessing.podspec */,
			);
			name = Pods;
			sourceTree = "<group>";
		};
		3112BD0E1C28209A00825078 /* Example */ = {
			isa = PBXGroup;
			children = (
				31D4A78E1C2C138F00A7C278 /* AppDelegate.swift */,
				31D4A78F1C2C138F00A7C278 /* Document.swift */,
				31D4A7901C2C138F00A7C278 /* IMPDocument.swift */,
				31D4A7911C2C138F00A7C278 /* IMPMenuHandler.swift */,
				31D4A7931C2C138F00A7C278 /* IMPTestFilter.swift */,
				31D4A7941C2C138F00A7C278 /* ViewController.swift */,
			);
			name = Example;
			sourceTree = "<group>";
		};
		3112BD111C28218500825078 /* Base */ = {
			isa = PBXGroup;
			children = (
				3112BCD31C281D9F00825078 /* IMPContext.swift */,
				3112BCD41C281D9F00825078 /* IMPExtensions.swift */,
				3112BCD51C281D9F00825078 /* IMPFilter.swift */,
				3112BCD61C281D9F00825078 /* IMPFunction.swift */,
				3112BCD81C281D9F00825078 /* IMPImageProvider.swift */,
				3112BCDA1C281D9F00825078 /* IMPTexturePovider.swift */,
			);
			name = Base;
			sourceTree = "<group>";
		};
		3112BD121C2821D200825078 /* FrontEnd */ = {
			isa = PBXGroup;
			children = (
				3112BD141C2821F200825078 /* IMPView.swift */,
				311690D51C2D1D1700904FBF /* IMPImageView.swift */,
				3112BD131C2821F200825078 /* IMPHistogramView.swift */,
				31F4F8231C3D88A9009D8FAB /* IMPHistogramGenerator.swift */,
				31265AA81C34DB66005B8B00 /* IMPPaletteView.swift */,
			);
			name = FrontEnd;
			sourceTree = "<group>";
		};
		3143FFF01C2855CD005D8739 /* Base */ = {
			isa = PBXGroup;
			children = (
				3112BD201C28260000825078 /* IMPSwift-Bridging-Metal.h */,
				3112BCE71C281D9F00825078 /* IMPConstants_metal.h */,
				3112BCE61C281D9F00825078 /* IMPCommon_metal.h */,
				3112BCE81C281D9F00825078 /* IMPFlowControl_metal.h */,
				3112BCE51C281D9F00825078 /* IMPColorSpaces_metal.h */,
				3112BCE41C281D9F00825078 /* IMPBlending_metal.h */,
			);
			name = Base;
			sourceTree = "<group>";
		};
		3143FFF11C2855EE005D8739 /* Histogram */ = {
			isa = PBXGroup;
			children = (
				3112BCE91C281D9F00825078 /* IMPHistogram_metal.h */,
				3112BCEA1C281D9F00825078 /* IMPHistogramLayer_metal.h */,
			);
			name = Histogram;
			sourceTree = "<group>";
		};
		3143FFF31C2855FB005D8739 /* Color Processing */ = {
			isa = PBXGroup;
			children = (
				3112BCE31C281D9F00825078 /* IMPAdjustment_metal.h */,
				31C578991C44F220002EEF8D /* IMPAdjustmentWB_metal.h */,
				31C5789E1C4503D5002EEF8D /* IMPAdjustmentCurves_metal.h */,
				31C5789A1C44F2C1002EEF8D /* IMPAdjustmentContrast_metal.h */,
				31C5789B1C44F37E002EEF8D /* IMPAdjustment3DLUT_metal.h */,
				311E508A1C41562900D407A9 /* IMPAdjustmentSHL_metal.h */,
				31819C221C2995C30037DA99 /* IMPAdjustmentHSV_metal.h */,
			);
			name = "Color Processing";
			sourceTree = "<group>";
		};
		31819C1C1C2953950037DA99 /* Math */ = {
			isa = PBXGroup;
			children = (
				31819C251C299FC30037DA99 /* IMPMath.swift */,
				312B8E5D1C2AEC3300FFFD76 /* IMPColorSpaces.swift */,
				31819C1D1C2953BD0037DA99 /* IMPDistribution.swift */,
				311E50861C4141F100D407A9 /* IMPSplines.swift */,
			);
			name = Math;
			sourceTree = "<group>";
		};
		318423CC1C47EDA3002E5F25 /* Image Processing */ = {
			isa = PBXGroup;
			children = (
				318423CD1C47EE3B002E5F25 /* IMPGaussianBlurFilter.swift */,
				318423D21C48E772002E5F25 /* IMPIIRGaussianBlurFilter.swift */,
				31D2674C1C4D2B9C004088CC /* IMPMaxSizeFilter.swift */,
				31F072361C56315B0093976E /* IMPRandomNoiseFilter.swift */,
				319EA4451C5650B300FB6BB1 /* IMPFilmGrainFilter.swift */,
			);
			name = "Image Processing";
			sourceTree = "<group>";
		};
		318423CF1C47F3C5002E5F25 /* Image Processing */ = {
			isa = PBXGroup;
			children = (
				318423D01C47F3ED002E5F25 /* IMPGaussianBlur_metal.h */,
				31F072351C562ED80093976E /* IMPRandomNoise_metal.h */,
				319EA4441C564DA500FB6BB1 /* IMPFilmGrain_metal.h */,
			);
			name = "Image Processing";
			sourceTree = "<group>";
		};
		31D4A78D1C2C136600A7C278 /* Resources */ = {
			isa = PBXGroup;
			children = (
				3112BCBB1C281CEB00825078 /* Assets.xcassets */,
				3112BCBD1C281CEB00825078 /* Main.storyboard */,
			);
			name = Resources;
			sourceTree = "<group>";
		};
/* End PBXGroup section */

/* Begin PBXNativeTarget section */
		3112BCB11C281CEB00825078 /* IMProcessing */ = {
			isa = PBXNativeTarget;
			buildConfigurationList = 3112BCC31C281CEB00825078 /* Build configuration list for PBXNativeTarget "IMProcessing" */;
			buildPhases = (
				3112BCAE1C281CEB00825078 /* Sources */,
				3112BCAF1C281CEB00825078 /* Frameworks */,
				3112BCB01C281CEB00825078 /* Resources */,
			);
			buildRules = (
			);
			dependencies = (
			);
			name = IMProcessing;
			productName = IMProcessing;
			productReference = 3112BCB21C281CEB00825078 /* IMProcessing.app */;
			productType = "com.apple.product-type.application";
		};
/* End PBXNativeTarget section */

/* Begin PBXProject section */
		3112BCAA1C281CEB00825078 /* Project object */ = {
			isa = PBXProject;
			attributes = {
				LastSwiftUpdateCheck = 0720;
				LastUpgradeCheck = 0720;
				ORGANIZATIONNAME = Dehancer.photo;
				TargetAttributes = {
					3112BCB11C281CEB00825078 = {
						CreatedOnToolsVersion = 7.2;
					};
				};
			};
			buildConfigurationList = 3112BCAD1C281CEB00825078 /* Build configuration list for PBXProject "IMProcessing" */;
			compatibilityVersion = "Xcode 3.2";
			developmentRegion = English;
			hasScannedForEncodings = 0;
			knownRegions = (
				en,
				Base,
			);
			mainGroup = 3112BCA91C281CEB00825078;
			productRefGroup = 3112BCB31C281CEB00825078 /* Products */;
			projectDirPath = "";
			projectRoot = "";
			targets = (
				3112BCB11C281CEB00825078 /* IMProcessing */,
			);
		};
/* End PBXProject section */

/* Begin PBXResourcesBuildPhase section */
		3112BCB01C281CEB00825078 /* Resources */ = {
			isa = PBXResourcesBuildPhase;
			buildActionMask = 2147483647;
			files = (
				3112BCBC1C281CEB00825078 /* Assets.xcassets in Resources */,
				3112BCBF1C281CEB00825078 /* Main.storyboard in Resources */,
				3112BD101C2820B400825078 /* IMProcessing.podspec in Resources */,
			);
			runOnlyForDeploymentPostprocessing = 0;
		};
/* End PBXResourcesBuildPhase section */

/* Begin PBXSourcesBuildPhase section */
		3112BCAE1C281CEB00825078 /* Sources */ = {
			isa = PBXSourcesBuildPhase;
			buildActionMask = 2147483647;
			files = (
				3112BCFA1C281D9F00825078 /* IMPHistogramAverageSolver.swift in Sources */,
				3112BD091C281D9F00825078 /* CGRect+IMProcessing.swift in Sources */,
				3112BD081C281D9F00825078 /* IMPMain_metal.metal in Sources */,
				3112BD0A1C281D9F00825078 /* CGSize+IMProcessing.swift in Sources */,
				31EC4DFB1C31877A00068A14 /* IMPHistogramCube.swift in Sources */,
				31819C241C2996FC0037DA99 /* IMPHSVFilter.swift in Sources */,
				3112BCF81C281D9F00825078 /* IMPHistogram.swift in Sources */,
				312B8E5E1C2AEC3300FFFD76 /* IMPColorSpaces.swift in Sources */,
				3112BD021C281D9F00825078 /* IMPImageProvider.swift in Sources */,
				31D4A7961C2C138F00A7C278 /* Document.swift in Sources */,
				31265AA71C3489B0005B8B00 /* IMPPaletteLayerSolver.swift in Sources */,
				311E50871C4141F100D407A9 /* IMPSplines.swift in Sources */,
				3112BD061C281D9F00825078 /* IMPImageProvider+CubeLut.swift in Sources */,
				3112BCF61C281D9F00825078 /* IMPLutFilter.swift in Sources */,
				31D2674D1C4D2B9C004088CC /* IMPMaxSizeFilter.swift in Sources */,
				31F072371C56315B0093976E /* IMPRandomNoiseFilter.swift in Sources */,
				3112BCF41C281D9F00825078 /* IMPAdjustment.swift in Sources */,
				31CBB5FD1C2AC88E002AE689 /* IMPAutoWBFilter.swift in Sources */,
				3112BCFB1C281D9F00825078 /* IMPHistogramLayerSolver.swift in Sources */,
				3112BD151C2821F200825078 /* IMPHistogramView.swift in Sources */,
				3112BD001C281D9F00825078 /* IMPFunction.swift in Sources */,
				311690D61C2D1D1700904FBF /* IMPImageView.swift in Sources */,
				3112BCFD1C281D9F00825078 /* IMPContext.swift in Sources */,
				319EA4461C5650B300FB6BB1 /* IMPFilmGrainFilter.swift in Sources */,
				31F4F8241C3D88A9009D8FAB /* IMPHistogramGenerator.swift in Sources */,
				31C5789D1C44F425002EEF8D /* IMPCurvesFilter.swift in Sources */,
				31819C1E1C2953BD0037DA99 /* IMPDistribution.swift in Sources */,
				318423D31C48E772002E5F25 /* IMPIIRGaussianBlurFilter.swift in Sources */,
				31D4A79B1C2C138F00A7C278 /* ViewController.swift in Sources */,
				3112BCFC1C281D9F00825078 /* IMPHistogramRangeSolver.swift in Sources */,
				3112BD031C281D9F00825078 /* IMPTexturePovider.swift in Sources */,
				31D4A7981C2C138F00A7C278 /* IMPMenuHandler.swift in Sources */,
				3112BCFE1C281D9F00825078 /* IMPExtensions.swift in Sources */,
				31E670861C31894B00F947F7 /* IMPHistogramCubeAnalyzer.swift in Sources */,
				310284141C392A4200042B4C /* IMPJpegturbo.m in Sources */,
				31D4A7971C2C138F00A7C278 /* IMPDocument.swift in Sources */,
				318423CE1C47EE3B002E5F25 /* IMPGaussianBlurFilter.swift in Sources */,
				3112BCF71C281D9F00825078 /* IMPWBFilter.swift in Sources */,
				3112BCF91C281D9F00825078 /* IMPHistogramAnalyzer.swift in Sources */,
				31D4A7951C2C138F00A7C278 /* AppDelegate.swift in Sources */,
				31819C261C299FC30037DA99 /* IMPMath.swift in Sources */,
				3112BD0B1C281D9F00825078 /* IMPImage+CGImage.swift in Sources */,
				3112BD071C281D9F00825078 /* IMPImageProvider+IMPImage.swift in Sources */,
				31D4A79A1C2C138F00A7C278 /* IMPTestFilter.swift in Sources */,
				3112BCF51C281D9F00825078 /* IMPContrastFilter.swift in Sources */,
				3112BD161C2821F200825078 /* IMPView.swift in Sources */,
				3112BD0C1C281D9F00825078 /* IMPImage+MTLTexture.swift in Sources */,
				31265AA91C34DB66005B8B00 /* IMPPaletteView.swift in Sources */,
				31819C1B1C288C1E0037DA99 /* IMPColorWeightsAnalyzer.swift in Sources */,
				3112BCFF1C281D9F00825078 /* IMPFilter.swift in Sources */,
				315F802C1C4FD45800FBF030 /* IMPHistogramZonesSolver.swift in Sources */,
			);
			runOnlyForDeploymentPostprocessing = 0;
		};
/* End PBXSourcesBuildPhase section */

/* Begin PBXVariantGroup section */
		3112BCBD1C281CEB00825078 /* Main.storyboard */ = {
			isa = PBXVariantGroup;
			children = (
				3112BCBE1C281CEB00825078 /* Base */,
			);
			name = Main.storyboard;
			sourceTree = "<group>";
		};
/* End PBXVariantGroup section */

/* Begin XCBuildConfiguration section */
		3112BCC11C281CEB00825078 /* Debug */ = {
			isa = XCBuildConfiguration;
			buildSettings = {
				ALWAYS_SEARCH_USER_PATHS = NO;
				CLANG_CXX_LANGUAGE_STANDARD = "gnu++0x";
				CLANG_CXX_LIBRARY = "libc++";
				CLANG_ENABLE_MODULES = YES;
				CLANG_ENABLE_OBJC_ARC = YES;
				CLANG_WARN_BOOL_CONVERSION = YES;
				CLANG_WARN_CONSTANT_CONVERSION = YES;
				CLANG_WARN_DIRECT_OBJC_ISA_USAGE = YES_ERROR;
				CLANG_WARN_EMPTY_BODY = YES;
				CLANG_WARN_ENUM_CONVERSION = YES;
				CLANG_WARN_INT_CONVERSION = YES;
				CLANG_WARN_OBJC_ROOT_CLASS = YES_ERROR;
				CLANG_WARN_UNREACHABLE_CODE = YES;
				CLANG_WARN__DUPLICATE_METHOD_MATCH = YES;
				CODE_SIGN_IDENTITY = "-";
				COPY_PHASE_STRIP = NO;
				DEBUG_INFORMATION_FORMAT = dwarf;
				ENABLE_STRICT_OBJC_MSGSEND = YES;
				ENABLE_TESTABILITY = YES;
				GCC_C_LANGUAGE_STANDARD = gnu99;
				GCC_DYNAMIC_NO_PIC = NO;
				GCC_NO_COMMON_BLOCKS = YES;
				GCC_OPTIMIZATION_LEVEL = 0;
				GCC_PREPROCESSOR_DEFINITIONS = (
					"DEBUG=1",
					"$(inherited)",
				);
				GCC_WARN_64_TO_32_BIT_CONVERSION = YES;
				GCC_WARN_ABOUT_RETURN_TYPE = YES_ERROR;
				GCC_WARN_UNDECLARED_SELECTOR = YES;
				GCC_WARN_UNINITIALIZED_AUTOS = YES_AGGRESSIVE;
				GCC_WARN_UNUSED_FUNCTION = YES;
				GCC_WARN_UNUSED_VARIABLE = YES;
				MACOSX_DEPLOYMENT_TARGET = 10.11;
				MTL_ENABLE_DEBUG_INFO = YES;
				ONLY_ACTIVE_ARCH = YES;
				SDKROOT = macosx;
				SWIFT_OPTIMIZATION_LEVEL = "-Onone";
			};
			name = Debug;
		};
		3112BCC21C281CEB00825078 /* Release */ = {
			isa = XCBuildConfiguration;
			buildSettings = {
				ALWAYS_SEARCH_USER_PATHS = NO;
				CLANG_CXX_LANGUAGE_STANDARD = "gnu++0x";
				CLANG_CXX_LIBRARY = "libc++";
				CLANG_ENABLE_MODULES = YES;
				CLANG_ENABLE_OBJC_ARC = YES;
				CLANG_WARN_BOOL_CONVERSION = YES;
				CLANG_WARN_CONSTANT_CONVERSION = YES;
				CLANG_WARN_DIRECT_OBJC_ISA_USAGE = YES_ERROR;
				CLANG_WARN_EMPTY_BODY = YES;
				CLANG_WARN_ENUM_CONVERSION = YES;
				CLANG_WARN_INT_CONVERSION = YES;
				CLANG_WARN_OBJC_ROOT_CLASS = YES_ERROR;
				CLANG_WARN_UNREACHABLE_CODE = YES;
				CLANG_WARN__DUPLICATE_METHOD_MATCH = YES;
				CODE_SIGN_IDENTITY = "-";
				COPY_PHASE_STRIP = NO;
				DEBUG_INFORMATION_FORMAT = "dwarf-with-dsym";
				ENABLE_NS_ASSERTIONS = NO;
				ENABLE_STRICT_OBJC_MSGSEND = YES;
				GCC_C_LANGUAGE_STANDARD = gnu99;
				GCC_NO_COMMON_BLOCKS = YES;
				GCC_WARN_64_TO_32_BIT_CONVERSION = YES;
				GCC_WARN_ABOUT_RETURN_TYPE = YES_ERROR;
				GCC_WARN_UNDECLARED_SELECTOR = YES;
				GCC_WARN_UNINITIALIZED_AUTOS = YES_AGGRESSIVE;
				GCC_WARN_UNUSED_FUNCTION = YES;
				GCC_WARN_UNUSED_VARIABLE = YES;
				MACOSX_DEPLOYMENT_TARGET = 10.11;
				MTL_ENABLE_DEBUG_INFO = NO;
				SDKROOT = macosx;
			};
			name = Release;
		};
		3112BCC41C281CEB00825078 /* Debug */ = {
			isa = XCBuildConfiguration;
			buildSettings = {
				ASSETCATALOG_COMPILER_APPICON_NAME = AppIcon;
				COMBINE_HIDPI_IMAGES = YES;
				HEADER_SEARCH_PATHS = "$(SRCROOT)/vendor/libjpeg-turbo/include";
				INFOPLIST_FILE = IMProcessing/Info.plist;
				LD_RUNPATH_SEARCH_PATHS = "$(inherited) @executable_path/../Frameworks";
				LIBRARY_SEARCH_PATHS = (
					"$(inherited)",
					"$(PROJECT_DIR)/vendor/lib",
				);
				MTL_HEADER_SEARCH_PATHS = "$(SRCROOT)/IMProcessing/Classes/Bridging";
				PRODUCT_BUNDLE_IDENTIFIER = dehancer.photo.IMProcessing;
				PRODUCT_NAME = "$(TARGET_NAME)";
				SWIFT_OBJC_BRIDGING_HEADER = "IMProcessing/Classes/Bridging/IMProcessing-Bridging-Header.h";
			};
			name = Debug;
		};
		3112BCC51C281CEB00825078 /* Release */ = {
			isa = XCBuildConfiguration;
			buildSettings = {
				ASSETCATALOG_COMPILER_APPICON_NAME = AppIcon;
				COMBINE_HIDPI_IMAGES = YES;
				HEADER_SEARCH_PATHS = "$(SRCROOT)/vendor/libjpeg-turbo/include";
				INFOPLIST_FILE = IMProcessing/Info.plist;
				LD_RUNPATH_SEARCH_PATHS = "$(inherited) @executable_path/../Frameworks";
				LIBRARY_SEARCH_PATHS = (
					"$(inherited)",
					"$(PROJECT_DIR)/vendor/lib",
				);
				MTL_HEADER_SEARCH_PATHS = "$(SRCROOT)/IMProcessing/Classes/Bridging";
				PRODUCT_BUNDLE_IDENTIFIER = dehancer.photo.IMProcessing;
				PRODUCT_NAME = "$(TARGET_NAME)";
				SWIFT_OBJC_BRIDGING_HEADER = "IMProcessing/Classes/Bridging/IMProcessing-Bridging-Header.h";
			};
			name = Release;
		};
/* End XCBuildConfiguration section */

/* Begin XCConfigurationList section */
		3112BCAD1C281CEB00825078 /* Build configuration list for PBXProject "IMProcessing" */ = {
			isa = XCConfigurationList;
			buildConfigurations = (
				3112BCC11C281CEB00825078 /* Debug */,
				3112BCC21C281CEB00825078 /* Release */,
			);
			defaultConfigurationIsVisible = 0;
			defaultConfigurationName = Release;
		};
		3112BCC31C281CEB00825078 /* Build configuration list for PBXNativeTarget "IMProcessing" */ = {
			isa = XCConfigurationList;
			buildConfigurations = (
				3112BCC41C281CEB00825078 /* Debug */,
				3112BCC51C281CEB00825078 /* Release */,
			);
			defaultConfigurationIsVisible = 0;
			defaultConfigurationName = Release;
		};
/* End XCConfigurationList section */
	};
	rootObject = 3112BCAA1C281CEB00825078 /* Project object */;
}
